// !$*UTF8*$!
{
	archiveVersion = 1;
	classes = {
	};
	objectVersion = 54;
	objects = {

/* Begin PBXBuildFile section */
		48785FCC6E8D62593A0839B8 /* Pods_IJKMediaMacDemo.framework in Frameworks */ = {isa = PBXBuildFile; fileRef = 9DCADD1347BDB5B68E4C0CFA /* Pods_IJKMediaMacDemo.framework */; };
		C905CF172B54C8D300D59730 /* MRAutoTestViewController.xib in Resources */ = {isa = PBXBuildFile; fileRef = C905CF142B54C8D300D59730 /* MRAutoTestViewController.xib */; };
		C905CF182B54C8D300D59730 /* MRAutoTestViewController.m in Sources */ = {isa = PBXBuildFile; fileRef = C905CF152B54C8D300D59730 /* MRAutoTestViewController.m */; };
		C905CF1C2B550C7400D59730 /* MRStatisticalViewController.m in Sources */ = {isa = PBXBuildFile; fileRef = C905CF192B550C7400D59730 /* MRStatisticalViewController.m */; };
		C905CF1D2B550C7400D59730 /* MRStatisticalViewController.xib in Resources */ = {isa = PBXBuildFile; fileRef = C905CF1B2B550C7400D59730 /* MRStatisticalViewController.xib */; };
		C905CF212B55163C00D59730 /* MRRootViewController.m in Sources */ = {isa = PBXBuildFile; fileRef = C905CF1F2B55163C00D59730 /* MRRootViewController.m */; };
		C905CF222B55163C00D59730 /* MRRootViewController.xib in Resources */ = {isa = PBXBuildFile; fileRef = C905CF202B55163C00D59730 /* MRRootViewController.xib */; };
		C969BE4B27BDCD27008BC2AD /* MRGlobalNotification.m in Sources */ = {isa = PBXBuildFile; fileRef = C969BE4927BDCD27008BC2AD /* MRGlobalNotification.m */; };
		C969BE4E27BDD34E008BC2AD /* MRUtil+SystemPanel.m in Sources */ = {isa = PBXBuildFile; fileRef = C969BE4C27BDD34E008BC2AD /* MRUtil+SystemPanel.m */; };
		C96F5B9B291A052100C79E07 /* MRProgressIndicator.m in Sources */ = {isa = PBXBuildFile; fileRef = C96F5B99291A052000C79E07 /* MRProgressIndicator.m */; };
		C97423CE2A3AE8BE001F6B54 /* NSString+Ex.m in Sources */ = {isa = PBXBuildFile; fileRef = C97423CD2A3AE8BE001F6B54 /* NSString+Ex.m */; };
		C97674EE2A1F333D00B7627E /* MRTextInfoViewController.m in Sources */ = {isa = PBXBuildFile; fileRef = C97674EC2A1F333D00B7627E /* MRTextInfoViewController.m */; };
		C97674EF2A1F333D00B7627E /* MRTextInfoViewController.xib in Resources */ = {isa = PBXBuildFile; fileRef = C97674ED2A1F333D00B7627E /* MRTextInfoViewController.xib */; };
		C97DCC0727C867EA0019874F /* MRBaseView.m in Sources */ = {isa = PBXBuildFile; fileRef = C97DCC0627C867EA0019874F /* MRBaseView.m */; };
		C99B0F1A29DE76B100E88ECB /* MRRenderViewAuxProxy.m in Sources */ = {isa = PBXBuildFile; fileRef = C99B0F1929DE76B100E88ECB /* MRRenderViewAuxProxy.m */; };
		C99B0F9229DE9D2500E88ECB /* MultiRenderSample.m in Sources */ = {isa = PBXBuildFile; fileRef = C99B0F9029DE9D2500E88ECB /* MultiRenderSample.m */; };
		C99B0F9329DE9D2500E88ECB /* MultiRenderSample.xib in Resources */ = {isa = PBXBuildFile; fileRef = C99B0F9129DE9D2500E88ECB /* MultiRenderSample.xib */; };
		C9C291D02B623A7400C42B5C /* MRCocoaBindingUserDefault.m in Sources */ = {isa = PBXBuildFile; fileRef = C9C291CD2B6234FB00C42B5C /* MRCocoaBindingUserDefault.m */; };
		C9C7E27A2B60E37200D5F2E0 /* MRPlaylistViewController.m in Sources */ = {isa = PBXBuildFile; fileRef = C9C7E2782B60E37200D5F2E0 /* MRPlaylistViewController.m */; };
		C9C7E27B2B60E37200D5F2E0 /* MRPlaylistViewController.xib in Resources */ = {isa = PBXBuildFile; fileRef = C9C7E2792B60E37200D5F2E0 /* MRPlaylistViewController.xib */; };
		C9C7E27E2B60E54A00D5F2E0 /* MRPlaylistRowView.m in Sources */ = {isa = PBXBuildFile; fileRef = C9C7E27D2B60E54A00D5F2E0 /* MRPlaylistRowView.m */; };
		C9C7E2822B60F09100D5F2E0 /* MRPlayerSettingsViewController.m in Sources */ = {isa = PBXBuildFile; fileRef = C9C7E2802B60F09100D5F2E0 /* MRPlayerSettingsViewController.m */; };
		C9C7E2832B60F09100D5F2E0 /* MRPlayerSettingsViewController.xib in Resources */ = {isa = PBXBuildFile; fileRef = C9C7E2812B60F09100D5F2E0 /* MRPlayerSettingsViewController.xib */; };
		C9FFF21527C864C100284B46 /* MRProgressSlider.m in Sources */ = {isa = PBXBuildFile; fileRef = C9FFF21327C864C100284B46 /* MRProgressSlider.m */; };
		DD0443E627E7749800CB946B /* MRActionProcessor+Private.m in Sources */ = {isa = PBXBuildFile; fileRef = DD0443DE27E7749800CB946B /* MRActionProcessor+Private.m */; };
		DD0443E727E7749800CB946B /* MRActionProcessor.m in Sources */ = {isa = PBXBuildFile; fileRef = DD0443E027E7749800CB946B /* MRActionProcessor.m */; };
		DD0443E827E7749800CB946B /* MRActionManager.m in Sources */ = {isa = PBXBuildFile; fileRef = DD0443E227E7749800CB946B /* MRActionManager.m */; };
		DD0443E927E7749800CB946B /* MRActionItem.m in Sources */ = {isa = PBXBuildFile; fileRef = DD0443E327E7749800CB946B /* MRActionItem.m */; };
		DD050F9D25A43A1300F01E2F /* MRUtil.m in Sources */ = {isa = PBXBuildFile; fileRef = DD050F9625A43A1300F01E2F /* MRUtil.m */; };
		DD050F9E25A43A1300F01E2F /* MRDragView.m in Sources */ = {isa = PBXBuildFile; fileRef = DD050F9C25A43A1300F01E2F /* MRDragView.m */; };
		DD4EB00127310F1C00FBCD3A /* WindowController.m in Sources */ = {isa = PBXBuildFile; fileRef = DD4EB00027310F1C00FBCD3A /* WindowController.m */; };
		DD9B138D22C23A79002D1D79 /* AppDelegate.m in Sources */ = {isa = PBXBuildFile; fileRef = DD9B138C22C23A79002D1D79 /* AppDelegate.m */; };
		DD9B138F22C23A7A002D1D79 /* Assets.xcassets in Resources */ = {isa = PBXBuildFile; fileRef = DD9B138E22C23A7A002D1D79 /* Assets.xcassets */; };
		DD9B139222C23A7A002D1D79 /* MainMenu.xib in Resources */ = {isa = PBXBuildFile; fileRef = DD9B139022C23A7A002D1D79 /* MainMenu.xib */; };
		DD9B139522C23A7A002D1D79 /* main.m in Sources */ = {isa = PBXBuildFile; fileRef = DD9B139422C23A7A002D1D79 /* main.m */; };
		DD9B13BA22C24017002D1D79 /* libc++.tbd in Frameworks */ = {isa = PBXBuildFile; fileRef = DD9B13B922C24017002D1D79 /* libc++.tbd */; };
		DD9B13BC22C2401F002D1D79 /* libbz2.tbd in Frameworks */ = {isa = PBXBuildFile; fileRef = DD9B13BB22C2401F002D1D79 /* libbz2.tbd */; };
		DD9B13BE22C24026002D1D79 /* AVFoundation.framework in Frameworks */ = {isa = PBXBuildFile; fileRef = DD9B13BD22C24026002D1D79 /* AVFoundation.framework */; };
		DD9B13C022C2402D002D1D79 /* GLKit.framework in Frameworks */ = {isa = PBXBuildFile; fileRef = DD9B13BF22C2402D002D1D79 /* GLKit.framework */; };
		DD9B13C222C24037002D1D79 /* CoreGraphics.framework in Frameworks */ = {isa = PBXBuildFile; fileRef = DD9B13C122C24037002D1D79 /* CoreGraphics.framework */; };
		DD9B13C422C24040002D1D79 /* CoreMedia.framework in Frameworks */ = {isa = PBXBuildFile; fileRef = DD9B13C322C24040002D1D79 /* CoreMedia.framework */; };
		DD9B13C622C24048002D1D79 /* CoreVideo.framework in Frameworks */ = {isa = PBXBuildFile; fileRef = DD9B13C522C24048002D1D79 /* CoreVideo.framework */; };
		DD9B13C822C24053002D1D79 /* VideoToolbox.framework in Frameworks */ = {isa = PBXBuildFile; fileRef = DD9B13C722C24053002D1D79 /* VideoToolbox.framework */; };
		DD9B13CA22C24063002D1D79 /* OpenGL.framework in Frameworks */ = {isa = PBXBuildFile; fileRef = DD9B13C922C24063002D1D79 /* OpenGL.framework */; };
		DD9B13CC22C2406C002D1D79 /* QuartzCore.framework in Frameworks */ = {isa = PBXBuildFile; fileRef = DD9B13CB22C2406C002D1D79 /* QuartzCore.framework */; };
		DD9B13CE22C24073002D1D79 /* AudioToolbox.framework in Frameworks */ = {isa = PBXBuildFile; fileRef = DD9B13CD22C24073002D1D79 /* AudioToolbox.framework */; };
		DD9B13D022C2407B002D1D79 /* AudioUnit.framework in Frameworks */ = {isa = PBXBuildFile; fileRef = DD9B13CF22C2407B002D1D79 /* AudioUnit.framework */; };
		DD9B13D222C24084002D1D79 /* CoreAudio.framework in Frameworks */ = {isa = PBXBuildFile; fileRef = DD9B13D122C24084002D1D79 /* CoreAudio.framework */; };
		DD9B13D422C2408E002D1D79 /* VideoDecodeAcceleration.framework in Frameworks */ = {isa = PBXBuildFile; fileRef = DD9B13D322C2408E002D1D79 /* VideoDecodeAcceleration.framework */; };
		DD9B13D622C24095002D1D79 /* libxml2.tbd in Frameworks */ = {isa = PBXBuildFile; fileRef = DD9B13D522C24095002D1D79 /* libxml2.tbd */; };
		DD9B13D822C240A5002D1D79 /* libiconv.tbd in Frameworks */ = {isa = PBXBuildFile; fileRef = DD9B13D722C240A5002D1D79 /* libiconv.tbd */; };
		DD9B13E822C24971002D1D79 /* libz.tbd in Frameworks */ = {isa = PBXBuildFile; fileRef = DD9B13E722C24971002D1D79 /* libz.tbd */; };
		DDB7827B2757266900382094 /* SHBaseView.m in Sources */ = {isa = PBXBuildFile; fileRef = DDB7827A2757266900382094 /* SHBaseView.m */; };
		DDE9FC70273BD3CF00481560 /* NSFileManager+Sandbox.m in Sources */ = {isa = PBXBuildFile; fileRef = DDE9FC6F273BD3CF00481560 /* NSFileManager+Sandbox.m */; };
/* End PBXBuildFile section */

/* Begin PBXFileReference section */
		9409D4EABED075A613A5C430 /* Pods-IJKMediaMacDemo.release.xcconfig */ = {isa = PBXFileReference; includeInIndex = 1; lastKnownFileType = text.xcconfig; name = "Pods-IJKMediaMacDemo.release.xcconfig"; path = "Target Support Files/Pods-IJKMediaMacDemo/Pods-IJKMediaMacDemo.release.xcconfig"; sourceTree = "<group>"; };
		9DCADD1347BDB5B68E4C0CFA /* Pods_IJKMediaMacDemo.framework */ = {isa = PBXFileReference; explicitFileType = wrapper.framework; includeInIndex = 0; path = Pods_IJKMediaMacDemo.framework; sourceTree = BUILT_PRODUCTS_DIR; };
		C905CF142B54C8D300D59730 /* MRAutoTestViewController.xib */ = {isa = PBXFileReference; fileEncoding = 4; lastKnownFileType = file.xib; path = MRAutoTestViewController.xib; sourceTree = "<group>"; };
		C905CF152B54C8D300D59730 /* MRAutoTestViewController.m */ = {isa = PBXFileReference; fileEncoding = 4; lastKnownFileType = sourcecode.c.objc; path = MRAutoTestViewController.m; sourceTree = "<group>"; };
		C905CF162B54C8D300D59730 /* MRAutoTestViewController.h */ = {isa = PBXFileReference; fileEncoding = 4; lastKnownFileType = sourcecode.c.h; path = MRAutoTestViewController.h; sourceTree = "<group>"; };
		C905CF192B550C7400D59730 /* MRStatisticalViewController.m */ = {isa = PBXFileReference; fileEncoding = 4; lastKnownFileType = sourcecode.c.objc; path = MRStatisticalViewController.m; sourceTree = "<group>"; };
		C905CF1A2B550C7400D59730 /* MRStatisticalViewController.h */ = {isa = PBXFileReference; fileEncoding = 4; lastKnownFileType = sourcecode.c.h; path = MRStatisticalViewController.h; sourceTree = "<group>"; };
		C905CF1B2B550C7400D59730 /* MRStatisticalViewController.xib */ = {isa = PBXFileReference; fileEncoding = 4; lastKnownFileType = file.xib; path = MRStatisticalViewController.xib; sourceTree = "<group>"; };
		C905CF1E2B55163C00D59730 /* MRRootViewController.h */ = {isa = PBXFileReference; fileEncoding = 4; lastKnownFileType = sourcecode.c.h; path = MRRootViewController.h; sourceTree = "<group>"; };
		C905CF1F2B55163C00D59730 /* MRRootViewController.m */ = {isa = PBXFileReference; fileEncoding = 4; lastKnownFileType = sourcecode.c.objc; path = MRRootViewController.m; sourceTree = "<group>"; };
		C905CF202B55163C00D59730 /* MRRootViewController.xib */ = {isa = PBXFileReference; fileEncoding = 4; lastKnownFileType = file.xib; path = MRRootViewController.xib; sourceTree = "<group>"; };
		C955004627C765A30026AB17 /* PrefixHeader.pch */ = {isa = PBXFileReference; lastKnownFileType = sourcecode.c.h; path = PrefixHeader.pch; sourceTree = "<group>"; };
		C969BE4927BDCD27008BC2AD /* MRGlobalNotification.m */ = {isa = PBXFileReference; lastKnownFileType = sourcecode.c.objc; path = MRGlobalNotification.m; sourceTree = "<group>"; };
		C969BE4A27BDCD27008BC2AD /* MRGlobalNotification.h */ = {isa = PBXFileReference; lastKnownFileType = sourcecode.c.h; path = MRGlobalNotification.h; sourceTree = "<group>"; };
		C969BE4C27BDD34E008BC2AD /* MRUtil+SystemPanel.m */ = {isa = PBXFileReference; lastKnownFileType = sourcecode.c.objc; path = "MRUtil+SystemPanel.m"; sourceTree = "<group>"; };
		C969BE4D27BDD34E008BC2AD /* MRUtil+SystemPanel.h */ = {isa = PBXFileReference; lastKnownFileType = sourcecode.c.h; path = "MRUtil+SystemPanel.h"; sourceTree = "<group>"; };
		C96F5B99291A052000C79E07 /* MRProgressIndicator.m */ = {isa = PBXFileReference; fileEncoding = 4; lastKnownFileType = sourcecode.c.objc; path = MRProgressIndicator.m; sourceTree = "<group>"; };
		C96F5B9A291A052100C79E07 /* MRProgressIndicator.h */ = {isa = PBXFileReference; fileEncoding = 4; lastKnownFileType = sourcecode.c.h; path = MRProgressIndicator.h; sourceTree = "<group>"; };
		C97423CC2A3AE8BE001F6B54 /* NSString+Ex.h */ = {isa = PBXFileReference; lastKnownFileType = sourcecode.c.h; path = "NSString+Ex.h"; sourceTree = "<group>"; };
		C97423CD2A3AE8BE001F6B54 /* NSString+Ex.m */ = {isa = PBXFileReference; lastKnownFileType = sourcecode.c.objc; path = "NSString+Ex.m"; sourceTree = "<group>"; };
		C97674EB2A1F333D00B7627E /* MRTextInfoViewController.h */ = {isa = PBXFileReference; lastKnownFileType = sourcecode.c.h; path = MRTextInfoViewController.h; sourceTree = "<group>"; };
		C97674EC2A1F333D00B7627E /* MRTextInfoViewController.m */ = {isa = PBXFileReference; lastKnownFileType = sourcecode.c.objc; path = MRTextInfoViewController.m; sourceTree = "<group>"; };
		C97674ED2A1F333D00B7627E /* MRTextInfoViewController.xib */ = {isa = PBXFileReference; lastKnownFileType = file.xib; path = MRTextInfoViewController.xib; sourceTree = "<group>"; };
		C97DCC0527C867EA0019874F /* MRBaseView.h */ = {isa = PBXFileReference; lastKnownFileType = sourcecode.c.h; path = MRBaseView.h; sourceTree = "<group>"; };
		C97DCC0627C867EA0019874F /* MRBaseView.m */ = {isa = PBXFileReference; lastKnownFileType = sourcecode.c.objc; path = MRBaseView.m; sourceTree = "<group>"; };
		C99B0F1829DE76B100E88ECB /* MRRenderViewAuxProxy.h */ = {isa = PBXFileReference; lastKnownFileType = sourcecode.c.h; path = MRRenderViewAuxProxy.h; sourceTree = "<group>"; };
		C99B0F1929DE76B100E88ECB /* MRRenderViewAuxProxy.m */ = {isa = PBXFileReference; lastKnownFileType = sourcecode.c.objc; path = MRRenderViewAuxProxy.m; sourceTree = "<group>"; };
		C99B0F8F29DE9D2500E88ECB /* MultiRenderSample.h */ = {isa = PBXFileReference; lastKnownFileType = sourcecode.c.h; path = MultiRenderSample.h; sourceTree = "<group>"; };
		C99B0F9029DE9D2500E88ECB /* MultiRenderSample.m */ = {isa = PBXFileReference; lastKnownFileType = sourcecode.c.objc; path = MultiRenderSample.m; sourceTree = "<group>"; };
		C99B0F9129DE9D2500E88ECB /* MultiRenderSample.xib */ = {isa = PBXFileReference; lastKnownFileType = file.xib; path = MultiRenderSample.xib; sourceTree = "<group>"; };
		C9C291CC2B6234FB00C42B5C /* MRCocoaBindingUserDefault.h */ = {isa = PBXFileReference; lastKnownFileType = sourcecode.c.h; path = MRCocoaBindingUserDefault.h; sourceTree = "<group>"; };
		C9C291CD2B6234FB00C42B5C /* MRCocoaBindingUserDefault.m */ = {isa = PBXFileReference; lastKnownFileType = sourcecode.c.objc; path = MRCocoaBindingUserDefault.m; sourceTree = "<group>"; };
		C9C7E2772B60E37200D5F2E0 /* MRPlaylistViewController.h */ = {isa = PBXFileReference; lastKnownFileType = sourcecode.c.h; path = MRPlaylistViewController.h; sourceTree = "<group>"; };
		C9C7E2782B60E37200D5F2E0 /* MRPlaylistViewController.m */ = {isa = PBXFileReference; lastKnownFileType = sourcecode.c.objc; path = MRPlaylistViewController.m; sourceTree = "<group>"; };
		C9C7E2792B60E37200D5F2E0 /* MRPlaylistViewController.xib */ = {isa = PBXFileReference; lastKnownFileType = file.xib; path = MRPlaylistViewController.xib; sourceTree = "<group>"; };
		C9C7E27C2B60E54A00D5F2E0 /* MRPlaylistRowView.h */ = {isa = PBXFileReference; fileEncoding = 4; lastKnownFileType = sourcecode.c.h; path = MRPlaylistRowView.h; sourceTree = "<group>"; };
		C9C7E27D2B60E54A00D5F2E0 /* MRPlaylistRowView.m */ = {isa = PBXFileReference; fileEncoding = 4; lastKnownFileType = sourcecode.c.objc; path = MRPlaylistRowView.m; sourceTree = "<group>"; };
		C9C7E27F2B60F09100D5F2E0 /* MRPlayerSettingsViewController.h */ = {isa = PBXFileReference; lastKnownFileType = sourcecode.c.h; path = MRPlayerSettingsViewController.h; sourceTree = "<group>"; };
		C9C7E2802B60F09100D5F2E0 /* MRPlayerSettingsViewController.m */ = {isa = PBXFileReference; lastKnownFileType = sourcecode.c.objc; path = MRPlayerSettingsViewController.m; sourceTree = "<group>"; };
		C9C7E2812B60F09100D5F2E0 /* MRPlayerSettingsViewController.xib */ = {isa = PBXFileReference; lastKnownFileType = file.xib; path = MRPlayerSettingsViewController.xib; sourceTree = "<group>"; };
		C9FFF21327C864C100284B46 /* MRProgressSlider.m */ = {isa = PBXFileReference; fileEncoding = 4; lastKnownFileType = sourcecode.c.objc; path = MRProgressSlider.m; sourceTree = "<group>"; };
		C9FFF21427C864C100284B46 /* MRProgressSlider.h */ = {isa = PBXFileReference; fileEncoding = 4; lastKnownFileType = sourcecode.c.h; path = MRProgressSlider.h; sourceTree = "<group>"; };
		DD0443DC27E7749800CB946B /* MRActionManager.h */ = {isa = PBXFileReference; fileEncoding = 4; lastKnownFileType = sourcecode.c.h; path = MRActionManager.h; sourceTree = "<group>"; };
		DD0443DD27E7749800CB946B /* MRActionItem.h */ = {isa = PBXFileReference; fileEncoding = 4; lastKnownFileType = sourcecode.c.h; path = MRActionItem.h; sourceTree = "<group>"; };
		DD0443DE27E7749800CB946B /* MRActionProcessor+Private.m */ = {isa = PBXFileReference; fileEncoding = 4; lastKnownFileType = sourcecode.c.objc; path = "MRActionProcessor+Private.m"; sourceTree = "<group>"; };
		DD0443DF27E7749800CB946B /* MRActionKit.h */ = {isa = PBXFileReference; fileEncoding = 4; lastKnownFileType = sourcecode.c.h; path = MRActionKit.h; sourceTree = "<group>"; };
		DD0443E027E7749800CB946B /* MRActionProcessor.m */ = {isa = PBXFileReference; fileEncoding = 4; lastKnownFileType = sourcecode.c.objc; path = MRActionProcessor.m; sourceTree = "<group>"; };
		DD0443E127E7749800CB946B /* MRActionProcessorInternal.h */ = {isa = PBXFileReference; fileEncoding = 4; lastKnownFileType = sourcecode.c.h; path = MRActionProcessorInternal.h; sourceTree = "<group>"; };
		DD0443E227E7749800CB946B /* MRActionManager.m */ = {isa = PBXFileReference; fileEncoding = 4; lastKnownFileType = sourcecode.c.objc; path = MRActionManager.m; sourceTree = "<group>"; };
		DD0443E327E7749800CB946B /* MRActionItem.m */ = {isa = PBXFileReference; fileEncoding = 4; lastKnownFileType = sourcecode.c.objc; path = MRActionItem.m; sourceTree = "<group>"; };
		DD0443E427E7749800CB946B /* MRActionProcessor+Private.h */ = {isa = PBXFileReference; fileEncoding = 4; lastKnownFileType = sourcecode.c.h; path = "MRActionProcessor+Private.h"; sourceTree = "<group>"; };
		DD0443E527E7749800CB946B /* MRActionProcessor.h */ = {isa = PBXFileReference; fileEncoding = 4; lastKnownFileType = sourcecode.c.h; path = MRActionProcessor.h; sourceTree = "<group>"; };
		DD050F9525A43A1300F01E2F /* MRUtil.h */ = {isa = PBXFileReference; fileEncoding = 4; lastKnownFileType = sourcecode.c.h; path = MRUtil.h; sourceTree = "<group>"; };
		DD050F9625A43A1300F01E2F /* MRUtil.m */ = {isa = PBXFileReference; fileEncoding = 4; lastKnownFileType = sourcecode.c.objc; path = MRUtil.m; sourceTree = "<group>"; };
		DD050F9B25A43A1300F01E2F /* MRDragView.h */ = {isa = PBXFileReference; fileEncoding = 4; lastKnownFileType = sourcecode.c.h; path = MRDragView.h; sourceTree = "<group>"; };
		DD050F9C25A43A1300F01E2F /* MRDragView.m */ = {isa = PBXFileReference; fileEncoding = 4; lastKnownFileType = sourcecode.c.objc; path = MRDragView.m; sourceTree = "<group>"; };
		DD4EAFFF27310F1C00FBCD3A /* WindowController.h */ = {isa = PBXFileReference; lastKnownFileType = sourcecode.c.h; path = WindowController.h; sourceTree = "<group>"; };
		DD4EB00027310F1C00FBCD3A /* WindowController.m */ = {isa = PBXFileReference; lastKnownFileType = sourcecode.c.objc; path = WindowController.m; sourceTree = "<group>"; };
		DD9B138822C23A79002D1D79 /* IJKMediaMacDemo.app */ = {isa = PBXFileReference; explicitFileType = wrapper.application; includeInIndex = 0; path = IJKMediaMacDemo.app; sourceTree = BUILT_PRODUCTS_DIR; };
		DD9B138B22C23A79002D1D79 /* AppDelegate.h */ = {isa = PBXFileReference; lastKnownFileType = sourcecode.c.h; path = AppDelegate.h; sourceTree = "<group>"; };
		DD9B138C22C23A79002D1D79 /* AppDelegate.m */ = {isa = PBXFileReference; lastKnownFileType = sourcecode.c.objc; path = AppDelegate.m; sourceTree = "<group>"; };
		DD9B138E22C23A7A002D1D79 /* Assets.xcassets */ = {isa = PBXFileReference; lastKnownFileType = folder.assetcatalog; path = Assets.xcassets; sourceTree = "<group>"; };
		DD9B139122C23A7A002D1D79 /* Base */ = {isa = PBXFileReference; lastKnownFileType = file.xib; name = Base; path = Base.lproj/MainMenu.xib; sourceTree = "<group>"; };
		DD9B139322C23A7A002D1D79 /* Info.plist */ = {isa = PBXFileReference; lastKnownFileType = text.plist.xml; path = Info.plist; sourceTree = "<group>"; };
		DD9B139422C23A7A002D1D79 /* main.m */ = {isa = PBXFileReference; lastKnownFileType = sourcecode.c.objc; path = main.m; sourceTree = "<group>"; };
		DD9B139622C23A7A002D1D79 /* IJKMediaDemo.entitlements */ = {isa = PBXFileReference; lastKnownFileType = text.plist.entitlements; path = IJKMediaDemo.entitlements; sourceTree = "<group>"; };
		DD9B13B922C24017002D1D79 /* libc++.tbd */ = {isa = PBXFileReference; lastKnownFileType = "sourcecode.text-based-dylib-definition"; name = "libc++.tbd"; path = "usr/lib/libc++.tbd"; sourceTree = SDKROOT; };
		DD9B13BB22C2401F002D1D79 /* libbz2.tbd */ = {isa = PBXFileReference; lastKnownFileType = "sourcecode.text-based-dylib-definition"; name = libbz2.tbd; path = usr/lib/libbz2.tbd; sourceTree = SDKROOT; };
		DD9B13BD22C24026002D1D79 /* AVFoundation.framework */ = {isa = PBXFileReference; lastKnownFileType = wrapper.framework; name = AVFoundation.framework; path = System/Library/Frameworks/AVFoundation.framework; sourceTree = SDKROOT; };
		DD9B13BF22C2402D002D1D79 /* GLKit.framework */ = {isa = PBXFileReference; lastKnownFileType = wrapper.framework; name = GLKit.framework; path = System/Library/Frameworks/GLKit.framework; sourceTree = SDKROOT; };
		DD9B13C122C24037002D1D79 /* CoreGraphics.framework */ = {isa = PBXFileReference; lastKnownFileType = wrapper.framework; name = CoreGraphics.framework; path = System/Library/Frameworks/CoreGraphics.framework; sourceTree = SDKROOT; };
		DD9B13C322C24040002D1D79 /* CoreMedia.framework */ = {isa = PBXFileReference; lastKnownFileType = wrapper.framework; name = CoreMedia.framework; path = System/Library/Frameworks/CoreMedia.framework; sourceTree = SDKROOT; };
		DD9B13C522C24048002D1D79 /* CoreVideo.framework */ = {isa = PBXFileReference; lastKnownFileType = wrapper.framework; name = CoreVideo.framework; path = System/Library/Frameworks/CoreVideo.framework; sourceTree = SDKROOT; };
		DD9B13C722C24053002D1D79 /* VideoToolbox.framework */ = {isa = PBXFileReference; lastKnownFileType = wrapper.framework; name = VideoToolbox.framework; path = System/Library/Frameworks/VideoToolbox.framework; sourceTree = SDKROOT; };
		DD9B13C922C24063002D1D79 /* OpenGL.framework */ = {isa = PBXFileReference; lastKnownFileType = wrapper.framework; name = OpenGL.framework; path = System/Library/Frameworks/OpenGL.framework; sourceTree = SDKROOT; };
		DD9B13CB22C2406C002D1D79 /* QuartzCore.framework */ = {isa = PBXFileReference; lastKnownFileType = wrapper.framework; name = QuartzCore.framework; path = System/Library/Frameworks/QuartzCore.framework; sourceTree = SDKROOT; };
		DD9B13CD22C24073002D1D79 /* AudioToolbox.framework */ = {isa = PBXFileReference; lastKnownFileType = wrapper.framework; name = AudioToolbox.framework; path = System/Library/Frameworks/AudioToolbox.framework; sourceTree = SDKROOT; };
		DD9B13CF22C2407B002D1D79 /* AudioUnit.framework */ = {isa = PBXFileReference; lastKnownFileType = wrapper.framework; name = AudioUnit.framework; path = System/Library/Frameworks/AudioUnit.framework; sourceTree = SDKROOT; };
		DD9B13D122C24084002D1D79 /* CoreAudio.framework */ = {isa = PBXFileReference; lastKnownFileType = wrapper.framework; name = CoreAudio.framework; path = System/Library/Frameworks/CoreAudio.framework; sourceTree = SDKROOT; };
		DD9B13D322C2408E002D1D79 /* VideoDecodeAcceleration.framework */ = {isa = PBXFileReference; lastKnownFileType = wrapper.framework; name = VideoDecodeAcceleration.framework; path = System/Library/Frameworks/VideoDecodeAcceleration.framework; sourceTree = SDKROOT; };
		DD9B13D522C24095002D1D79 /* libxml2.tbd */ = {isa = PBXFileReference; lastKnownFileType = "sourcecode.text-based-dylib-definition"; name = libxml2.tbd; path = usr/lib/libxml2.tbd; sourceTree = SDKROOT; };
		DD9B13D722C240A5002D1D79 /* libiconv.tbd */ = {isa = PBXFileReference; lastKnownFileType = "sourcecode.text-based-dylib-definition"; name = libiconv.tbd; path = usr/lib/libiconv.tbd; sourceTree = SDKROOT; };
		DD9B13E722C24971002D1D79 /* libz.tbd */ = {isa = PBXFileReference; lastKnownFileType = "sourcecode.text-based-dylib-definition"; name = libz.tbd; path = usr/lib/libz.tbd; sourceTree = SDKROOT; };
		DDB782792757266800382094 /* SHBaseView.h */ = {isa = PBXFileReference; fileEncoding = 4; lastKnownFileType = sourcecode.c.h; path = SHBaseView.h; sourceTree = "<group>"; };
		DDB7827A2757266900382094 /* SHBaseView.m */ = {isa = PBXFileReference; fileEncoding = 4; lastKnownFileType = sourcecode.c.objc; path = SHBaseView.m; sourceTree = "<group>"; };
		DDE9FC6E273BD3CF00481560 /* NSFileManager+Sandbox.h */ = {isa = PBXFileReference; fileEncoding = 4; lastKnownFileType = sourcecode.c.h; path = "NSFileManager+Sandbox.h"; sourceTree = "<group>"; };
		DDE9FC6F273BD3CF00481560 /* NSFileManager+Sandbox.m */ = {isa = PBXFileReference; fileEncoding = 4; lastKnownFileType = sourcecode.c.objc; path = "NSFileManager+Sandbox.m"; sourceTree = "<group>"; };
		EAD2A45A3180A5136D3DE7CA /* Pods-IJKMediaMacDemo.debug.xcconfig */ = {isa = PBXFileReference; includeInIndex = 1; lastKnownFileType = text.xcconfig; name = "Pods-IJKMediaMacDemo.debug.xcconfig"; path = "Target Support Files/Pods-IJKMediaMacDemo/Pods-IJKMediaMacDemo.debug.xcconfig"; sourceTree = "<group>"; };
/* End PBXFileReference section */

/* Begin PBXFrameworksBuildPhase section */
		DD9B138522C23A79002D1D79 /* Frameworks */ = {
			isa = PBXFrameworksBuildPhase;
			buildActionMask = 2147483647;
			files = (
				DD9B13E822C24971002D1D79 /* libz.tbd in Frameworks */,
				DD9B13D822C240A5002D1D79 /* libiconv.tbd in Frameworks */,
				DD9B13D622C24095002D1D79 /* libxml2.tbd in Frameworks */,
				DD9B13D422C2408E002D1D79 /* VideoDecodeAcceleration.framework in Frameworks */,
				DD9B13D222C24084002D1D79 /* CoreAudio.framework in Frameworks */,
				DD9B13D022C2407B002D1D79 /* AudioUnit.framework in Frameworks */,
				DD9B13CE22C24073002D1D79 /* AudioToolbox.framework in Frameworks */,
				DD9B13CC22C2406C002D1D79 /* QuartzCore.framework in Frameworks */,
				DD9B13CA22C24063002D1D79 /* OpenGL.framework in Frameworks */,
				DD9B13C822C24053002D1D79 /* VideoToolbox.framework in Frameworks */,
				DD9B13C622C24048002D1D79 /* CoreVideo.framework in Frameworks */,
				DD9B13C422C24040002D1D79 /* CoreMedia.framework in Frameworks */,
				DD9B13C222C24037002D1D79 /* CoreGraphics.framework in Frameworks */,
				DD9B13C022C2402D002D1D79 /* GLKit.framework in Frameworks */,
				DD9B13BE22C24026002D1D79 /* AVFoundation.framework in Frameworks */,
				DD9B13BC22C2401F002D1D79 /* libbz2.tbd in Frameworks */,
				DD9B13BA22C24017002D1D79 /* libc++.tbd in Frameworks */,
				48785FCC6E8D62593A0839B8 /* Pods_IJKMediaMacDemo.framework in Frameworks */,
			);
			runOnlyForDeploymentPostprocessing = 0;
		};
/* End PBXFrameworksBuildPhase section */

/* Begin PBXGroup section */
		DD0443DB27E7749800CB946B /* MRActionKit */ = {
			isa = PBXGroup;
			children = (
				DD0443DD27E7749800CB946B /* MRActionItem.h */,
				DD0443E327E7749800CB946B /* MRActionItem.m */,
				DD0443DF27E7749800CB946B /* MRActionKit.h */,
				DD0443DC27E7749800CB946B /* MRActionManager.h */,
				DD0443E227E7749800CB946B /* MRActionManager.m */,
				DD0443E527E7749800CB946B /* MRActionProcessor.h */,
				DD0443E027E7749800CB946B /* MRActionProcessor.m */,
				DD0443E427E7749800CB946B /* MRActionProcessor+Private.h */,
				DD0443DE27E7749800CB946B /* MRActionProcessor+Private.m */,
				DD0443E127E7749800CB946B /* MRActionProcessorInternal.h */,
			);
			path = MRActionKit;
			sourceTree = "<group>";
		};
		DD050F9425A43A1300F01E2F /* MRUtil */ = {
			isa = PBXGroup;
			children = (
				C969BE4D27BDD34E008BC2AD /* MRUtil+SystemPanel.h */,
				C969BE4C27BDD34E008BC2AD /* MRUtil+SystemPanel.m */,
				C969BE4A27BDCD27008BC2AD /* MRGlobalNotification.h */,
				C969BE4927BDCD27008BC2AD /* MRGlobalNotification.m */,
				DDE9FC6E273BD3CF00481560 /* NSFileManager+Sandbox.h */,
				DDE9FC6F273BD3CF00481560 /* NSFileManager+Sandbox.m */,
				DD050F9525A43A1300F01E2F /* MRUtil.h */,
				DD050F9625A43A1300F01E2F /* MRUtil.m */,
				C97423CC2A3AE8BE001F6B54 /* NSString+Ex.h */,
				C97423CD2A3AE8BE001F6B54 /* NSString+Ex.m */,
			);
			path = MRUtil;
			sourceTree = "<group>";
		};
		DD050F9A25A43A1300F01E2F /* DragView */ = {
			isa = PBXGroup;
			children = (
				DD050F9B25A43A1300F01E2F /* MRDragView.h */,
				DD050F9C25A43A1300F01E2F /* MRDragView.m */,
			);
			path = DragView;
			sourceTree = "<group>";
		};
		DD9B137F22C23A79002D1D79 = {
			isa = PBXGroup;
			children = (
				DD9B138A22C23A79002D1D79 /* IJKMediaDemo */,
				DD9B138922C23A79002D1D79 /* Products */,
				DD9B13B822C24017002D1D79 /* Frameworks */,
				FEE5CD56F22316C065CD4830 /* Pods */,
			);
			sourceTree = "<group>";
		};
		DD9B138922C23A79002D1D79 /* Products */ = {
			isa = PBXGroup;
			children = (
				DD9B138822C23A79002D1D79 /* IJKMediaMacDemo.app */,
			);
			name = Products;
			sourceTree = "<group>";
		};
		DD9B138A22C23A79002D1D79 /* IJKMediaDemo */ = {
			isa = PBXGroup;
			children = (
				DD9B138B22C23A79002D1D79 /* AppDelegate.h */,
				DD9B138C22C23A79002D1D79 /* AppDelegate.m */,
				DDB782792757266800382094 /* SHBaseView.h */,
				DDB7827A2757266900382094 /* SHBaseView.m */,
				DD4EAFFF27310F1C00FBCD3A /* WindowController.h */,
				DD4EB00027310F1C00FBCD3A /* WindowController.m */,
				C99B0F1829DE76B100E88ECB /* MRRenderViewAuxProxy.h */,
				C99B0F1929DE76B100E88ECB /* MRRenderViewAuxProxy.m */,
				C905CF1E2B55163C00D59730 /* MRRootViewController.h */,
				C905CF1F2B55163C00D59730 /* MRRootViewController.m */,
				C905CF202B55163C00D59730 /* MRRootViewController.xib */,
				C9C7E27F2B60F09100D5F2E0 /* MRPlayerSettingsViewController.h */,
				C9C7E2802B60F09100D5F2E0 /* MRPlayerSettingsViewController.m */,
				C9C7E2812B60F09100D5F2E0 /* MRPlayerSettingsViewController.xib */,
				C905CF162B54C8D300D59730 /* MRAutoTestViewController.h */,
				C905CF152B54C8D300D59730 /* MRAutoTestViewController.m */,
				C905CF142B54C8D300D59730 /* MRAutoTestViewController.xib */,
				C905CF1A2B550C7400D59730 /* MRStatisticalViewController.h */,
				C905CF192B550C7400D59730 /* MRStatisticalViewController.m */,
				C905CF1B2B550C7400D59730 /* MRStatisticalViewController.xib */,
				C9C7E2772B60E37200D5F2E0 /* MRPlaylistViewController.h */,
				C9C7E2782B60E37200D5F2E0 /* MRPlaylistViewController.m */,
				C9C7E2792B60E37200D5F2E0 /* MRPlaylistViewController.xib */,
				C9C291CC2B6234FB00C42B5C /* MRCocoaBindingUserDefault.h */,
				C9C291CD2B6234FB00C42B5C /* MRCocoaBindingUserDefault.m */,
				C9C7E27C2B60E54A00D5F2E0 /* MRPlaylistRowView.h */,
				C9C7E27D2B60E54A00D5F2E0 /* MRPlaylistRowView.m */,
				C99B0F8F29DE9D2500E88ECB /* MultiRenderSample.h */,
				C99B0F9029DE9D2500E88ECB /* MultiRenderSample.m */,
				C99B0F9129DE9D2500E88ECB /* MultiRenderSample.xib */,
				C97DCC0527C867EA0019874F /* MRBaseView.h */,
				C97DCC0627C867EA0019874F /* MRBaseView.m */,
				C9FFF21427C864C100284B46 /* MRProgressSlider.h */,
				C9FFF21327C864C100284B46 /* MRProgressSlider.m */,
				C96F5B9A291A052100C79E07 /* MRProgressIndicator.h */,
				C96F5B99291A052000C79E07 /* MRProgressIndicator.m */,
				C97674EB2A1F333D00B7627E /* MRTextInfoViewController.h */,
				C97674EC2A1F333D00B7627E /* MRTextInfoViewController.m */,
				C97674ED2A1F333D00B7627E /* MRTextInfoViewController.xib */,
				DD050F9A25A43A1300F01E2F /* DragView */,
				DD050F9425A43A1300F01E2F /* MRUtil */,
				DD0443DB27E7749800CB946B /* MRActionKit */,
				DD9B138E22C23A7A002D1D79 /* Assets.xcassets */,
				DD9B139022C23A7A002D1D79 /* MainMenu.xib */,
				C955004627C765A30026AB17 /* PrefixHeader.pch */,
				DD9B139322C23A7A002D1D79 /* Info.plist */,
				DD9B139422C23A7A002D1D79 /* main.m */,
				DD9B139622C23A7A002D1D79 /* IJKMediaDemo.entitlements */,
			);
			path = IJKMediaDemo;
			sourceTree = "<group>";
		};
		DD9B13B822C24017002D1D79 /* Frameworks */ = {
			isa = PBXGroup;
			children = (
				DD9B13E722C24971002D1D79 /* libz.tbd */,
				DD9B13D722C240A5002D1D79 /* libiconv.tbd */,
				DD9B13D522C24095002D1D79 /* libxml2.tbd */,
				DD9B13D322C2408E002D1D79 /* VideoDecodeAcceleration.framework */,
				DD9B13D122C24084002D1D79 /* CoreAudio.framework */,
				DD9B13CF22C2407B002D1D79 /* AudioUnit.framework */,
				DD9B13CD22C24073002D1D79 /* AudioToolbox.framework */,
				DD9B13CB22C2406C002D1D79 /* QuartzCore.framework */,
				DD9B13C922C24063002D1D79 /* OpenGL.framework */,
				DD9B13C722C24053002D1D79 /* VideoToolbox.framework */,
				DD9B13C522C24048002D1D79 /* CoreVideo.framework */,
				DD9B13C322C24040002D1D79 /* CoreMedia.framework */,
				DD9B13C122C24037002D1D79 /* CoreGraphics.framework */,
				DD9B13BF22C2402D002D1D79 /* GLKit.framework */,
				DD9B13BD22C24026002D1D79 /* AVFoundation.framework */,
				DD9B13BB22C2401F002D1D79 /* libbz2.tbd */,
				DD9B13B922C24017002D1D79 /* libc++.tbd */,
				9DCADD1347BDB5B68E4C0CFA /* Pods_IJKMediaMacDemo.framework */,
			);
			name = Frameworks;
			sourceTree = "<group>";
		};
		FEE5CD56F22316C065CD4830 /* Pods */ = {
			isa = PBXGroup;
			children = (
				EAD2A45A3180A5136D3DE7CA /* Pods-IJKMediaMacDemo.debug.xcconfig */,
				9409D4EABED075A613A5C430 /* Pods-IJKMediaMacDemo.release.xcconfig */,
			);
			path = Pods;
			sourceTree = "<group>";
		};
/* End PBXGroup section */

/* Begin PBXNativeTarget section */
		DD9B138722C23A79002D1D79 /* IJKMediaMacDemo */ = {
			isa = PBXNativeTarget;
			buildConfigurationList = DD9B139922C23A7A002D1D79 /* Build configuration list for PBXNativeTarget "IJKMediaMacDemo" */;
			buildPhases = (
				6F829D3A8E0ACBE3C0E4ABD3 /* [CP] Check Pods Manifest.lock */,
				DD9B138422C23A79002D1D79 /* Sources */,
				DD9B138522C23A79002D1D79 /* Frameworks */,
				DD9B138622C23A79002D1D79 /* Resources */,
				4AB06D59E57D3381119AEF49 /* [CP] Embed Pods Frameworks */,
			);
			buildRules = (
			);
			dependencies = (
			);
			name = IJKMediaMacDemo;
			productName = IJKMediaDemo;
			productReference = DD9B138822C23A79002D1D79 /* IJKMediaMacDemo.app */;
			productType = "com.apple.product-type.application";
		};
/* End PBXNativeTarget section */

/* Begin PBXProject section */
		DD9B138022C23A79002D1D79 /* Project object */ = {
			isa = PBXProject;
			attributes = {
				LastUpgradeCheck = 1410;
				ORGANIZATIONNAME = "IJK Mac";
				TargetAttributes = {
					DD9B138722C23A79002D1D79 = {
						CreatedOnToolsVersion = 10.2.1;
						SystemCapabilities = {
							com.apple.Sandbox = {
								enabled = 1;
							};
						};
					};
				};
			};
			buildConfigurationList = DD9B138322C23A79002D1D79 /* Build configuration list for PBXProject "IJKMediaMacDemo" */;
			compatibilityVersion = "Xcode 9.3";
			developmentRegion = en;
			hasScannedForEncodings = 0;
			knownRegions = (
				en,
				Base,
			);
			mainGroup = DD9B137F22C23A79002D1D79;
			productRefGroup = DD9B138922C23A79002D1D79 /* Products */;
			projectDirPath = "";
			projectRoot = "";
			targets = (
				DD9B138722C23A79002D1D79 /* IJKMediaMacDemo */,
			);
		};
/* End PBXProject section */

/* Begin PBXResourcesBuildPhase section */
		DD9B138622C23A79002D1D79 /* Resources */ = {
			isa = PBXResourcesBuildPhase;
			buildActionMask = 2147483647;
			files = (
				C905CF172B54C8D300D59730 /* MRAutoTestViewController.xib in Resources */,
				DD9B138F22C23A7A002D1D79 /* Assets.xcassets in Resources */,
				DD9B139222C23A7A002D1D79 /* MainMenu.xib in Resources */,
				C905CF1D2B550C7400D59730 /* MRStatisticalViewController.xib in Resources */,
				C97674EF2A1F333D00B7627E /* MRTextInfoViewController.xib in Resources */,
				C9C7E2832B60F09100D5F2E0 /* MRPlayerSettingsViewController.xib in Resources */,
				C905CF222B55163C00D59730 /* MRRootViewController.xib in Resources */,
				C99B0F9329DE9D2500E88ECB /* MultiRenderSample.xib in Resources */,
				C9C7E27B2B60E37200D5F2E0 /* MRPlaylistViewController.xib in Resources */,
			);
			runOnlyForDeploymentPostprocessing = 0;
		};
/* End PBXResourcesBuildPhase section */

/* Begin PBXShellScriptBuildPhase section */
		4AB06D59E57D3381119AEF49 /* [CP] Embed Pods Frameworks */ = {
			isa = PBXShellScriptBuildPhase;
			buildActionMask = 2147483647;
			files = (
			);
			inputFileListPaths = (
				"${PODS_ROOT}/Target Support Files/Pods-IJKMediaMacDemo/Pods-IJKMediaMacDemo-frameworks-${CONFIGURATION}-input-files.xcfilelist",
			);
			name = "[CP] Embed Pods Frameworks";
			outputFileListPaths = (
				"${PODS_ROOT}/Target Support Files/Pods-IJKMediaMacDemo/Pods-IJKMediaMacDemo-frameworks-${CONFIGURATION}-output-files.xcfilelist",
			);
			runOnlyForDeploymentPostprocessing = 0;
			shellPath = /bin/sh;
			shellScript = "\"${PODS_ROOT}/Target Support Files/Pods-IJKMediaMacDemo/Pods-IJKMediaMacDemo-frameworks.sh\"\n";
			showEnvVarsInLog = 0;
		};
		6F829D3A8E0ACBE3C0E4ABD3 /* [CP] Check Pods Manifest.lock */ = {
			isa = PBXShellScriptBuildPhase;
			buildActionMask = 2147483647;
			files = (
			);
			inputFileListPaths = (
			);
			inputPaths = (
				"${PODS_PODFILE_DIR_PATH}/Podfile.lock",
				"${PODS_ROOT}/Manifest.lock",
			);
			name = "[CP] Check Pods Manifest.lock";
			outputFileListPaths = (
			);
			outputPaths = (
				"$(DERIVED_FILE_DIR)/Pods-IJKMediaMacDemo-checkManifestLockResult.txt",
			);
			runOnlyForDeploymentPostprocessing = 0;
			shellPath = /bin/sh;
			shellScript = "diff \"${PODS_PODFILE_DIR_PATH}/Podfile.lock\" \"${PODS_ROOT}/Manifest.lock\" > /dev/null\nif [ $? != 0 ] ; then\n    # print error to STDERR\n    echo \"error: The sandbox is not in sync with the Podfile.lock. Run 'pod install' or update your CocoaPods installation.\" >&2\n    exit 1\nfi\n# This output is used by Xcode 'outputs' to avoid re-running this script phase.\necho \"SUCCESS\" > \"${SCRIPT_OUTPUT_FILE_0}\"\n";
			showEnvVarsInLog = 0;
		};
/* End PBXShellScriptBuildPhase section */

/* Begin PBXSourcesBuildPhase section */
		DD9B138422C23A79002D1D79 /* Sources */ = {
			isa = PBXSourcesBuildPhase;
			buildActionMask = 2147483647;
			files = (
				C9C7E2822B60F09100D5F2E0 /* MRPlayerSettingsViewController.m in Sources */,
				C99B0F1A29DE76B100E88ECB /* MRRenderViewAuxProxy.m in Sources */,
				C905CF182B54C8D300D59730 /* MRAutoTestViewController.m in Sources */,
				DD0443E927E7749800CB946B /* MRActionItem.m in Sources */,
				C969BE4B27BDCD27008BC2AD /* MRGlobalNotification.m in Sources */,
				DDB7827B2757266900382094 /* SHBaseView.m in Sources */,
				DD0443E727E7749800CB946B /* MRActionProcessor.m in Sources */,
				C97423CE2A3AE8BE001F6B54 /* NSString+Ex.m in Sources */,
				DD9B139522C23A7A002D1D79 /* main.m in Sources */,
				C97DCC0727C867EA0019874F /* MRBaseView.m in Sources */,
				DD4EB00127310F1C00FBCD3A /* WindowController.m in Sources */,
				C969BE4E27BDD34E008BC2AD /* MRUtil+SystemPanel.m in Sources */,
				C905CF1C2B550C7400D59730 /* MRStatisticalViewController.m in Sources */,
				DD9B138D22C23A79002D1D79 /* AppDelegate.m in Sources */,
				C96F5B9B291A052100C79E07 /* MRProgressIndicator.m in Sources */,
				C9C291D02B623A7400C42B5C /* MRCocoaBindingUserDefault.m in Sources */,
				C9C7E27E2B60E54A00D5F2E0 /* MRPlaylistRowView.m in Sources */,
				DDE9FC70273BD3CF00481560 /* NSFileManager+Sandbox.m in Sources */,
				C905CF212B55163C00D59730 /* MRRootViewController.m in Sources */,
				C99B0F9229DE9D2500E88ECB /* MultiRenderSample.m in Sources */,
				C9FFF21527C864C100284B46 /* MRProgressSlider.m in Sources */,
				C97674EE2A1F333D00B7627E /* MRTextInfoViewController.m in Sources */,
				DD050F9D25A43A1300F01E2F /* MRUtil.m in Sources */,
				C9C7E27A2B60E37200D5F2E0 /* MRPlaylistViewController.m in Sources */,
				DD0443E827E7749800CB946B /* MRActionManager.m in Sources */,
				DD0443E627E7749800CB946B /* MRActionProcessor+Private.m in Sources */,
				DD050F9E25A43A1300F01E2F /* MRDragView.m in Sources */,
			);
			runOnlyForDeploymentPostprocessing = 0;
		};
/* End PBXSourcesBuildPhase section */

/* Begin PBXVariantGroup section */
		DD9B139022C23A7A002D1D79 /* MainMenu.xib */ = {
			isa = PBXVariantGroup;
			children = (
				DD9B139122C23A7A002D1D79 /* Base */,
			);
			name = MainMenu.xib;
			sourceTree = "<group>";
		};
/* End PBXVariantGroup section */

/* Begin XCBuildConfiguration section */
		DD9B139722C23A7A002D1D79 /* Debug */ = {
			isa = XCBuildConfiguration;
			buildSettings = {
				ALWAYS_SEARCH_USER_PATHS = NO;
				CLANG_ANALYZER_NONNULL = YES;
				CLANG_ANALYZER_NUMBER_OBJECT_CONVERSION = YES_AGGRESSIVE;
				CLANG_CXX_LANGUAGE_STANDARD = "gnu++14";
				CLANG_CXX_LIBRARY = "libc++";
				CLANG_ENABLE_MODULES = YES;
				CLANG_ENABLE_OBJC_ARC = YES;
				CLANG_ENABLE_OBJC_WEAK = YES;
				CLANG_WARN_BLOCK_CAPTURE_AUTORELEASING = YES;
				CLANG_WARN_BOOL_CONVERSION = YES;
				CLANG_WARN_COMMA = YES;
				CLANG_WARN_CONSTANT_CONVERSION = YES;
				CLANG_WARN_DEPRECATED_OBJC_IMPLEMENTATIONS = YES;
				CLANG_WARN_DIRECT_OBJC_ISA_USAGE = YES_ERROR;
				CLANG_WARN_DOCUMENTATION_COMMENTS = YES;
				CLANG_WARN_EMPTY_BODY = YES;
				CLANG_WARN_ENUM_CONVERSION = YES;
				CLANG_WARN_INFINITE_RECURSION = YES;
				CLANG_WARN_INT_CONVERSION = YES;
				CLANG_WARN_NON_LITERAL_NULL_CONVERSION = YES;
				CLANG_WARN_OBJC_IMPLICIT_RETAIN_SELF = YES;
				CLANG_WARN_OBJC_LITERAL_CONVERSION = YES;
				CLANG_WARN_OBJC_ROOT_CLASS = YES_ERROR;
				CLANG_WARN_QUOTED_INCLUDE_IN_FRAMEWORK_HEADER = YES;
				CLANG_WARN_RANGE_LOOP_ANALYSIS = YES;
				CLANG_WARN_STRICT_PROTOTYPES = YES;
				CLANG_WARN_SUSPICIOUS_MOVE = YES;
				CLANG_WARN_UNGUARDED_AVAILABILITY = YES_AGGRESSIVE;
				CLANG_WARN_UNREACHABLE_CODE = YES;
				CLANG_WARN__DUPLICATE_METHOD_MATCH = YES;
				CODE_SIGN_IDENTITY = "-";
				COPY_PHASE_STRIP = NO;
				DEAD_CODE_STRIPPING = YES;
				DEBUG_INFORMATION_FORMAT = dwarf;
				ENABLE_STRICT_OBJC_MSGSEND = YES;
				ENABLE_TESTABILITY = YES;
				GCC_C_LANGUAGE_STANDARD = gnu11;
				GCC_DYNAMIC_NO_PIC = NO;
				GCC_NO_COMMON_BLOCKS = YES;
				GCC_OPTIMIZATION_LEVEL = 0;
				GCC_PREPROCESSOR_DEFINITIONS = (
					"DEBUG=1",
					"$(inherited)",
				);
				GCC_WARN_64_TO_32_BIT_CONVERSION = YES;
				GCC_WARN_ABOUT_RETURN_TYPE = YES_ERROR;
				GCC_WARN_UNDECLARED_SELECTOR = YES;
				GCC_WARN_UNINITIALIZED_AUTOS = YES_AGGRESSIVE;
				GCC_WARN_UNUSED_FUNCTION = YES;
				GCC_WARN_UNUSED_VARIABLE = YES;
				MACOSX_DEPLOYMENT_TARGET = 10.14;
				MTL_ENABLE_DEBUG_INFO = INCLUDE_SOURCE;
				MTL_FAST_MATH = YES;
				ONLY_ACTIVE_ARCH = YES;
				SDKROOT = macosx;
			};
			name = Debug;
		};
		DD9B139822C23A7A002D1D79 /* Release */ = {
			isa = XCBuildConfiguration;
			buildSettings = {
				ALWAYS_SEARCH_USER_PATHS = NO;
				CLANG_ANALYZER_NONNULL = YES;
				CLANG_ANALYZER_NUMBER_OBJECT_CONVERSION = YES_AGGRESSIVE;
				CLANG_CXX_LANGUAGE_STANDARD = "gnu++14";
				CLANG_CXX_LIBRARY = "libc++";
				CLANG_ENABLE_MODULES = YES;
				CLANG_ENABLE_OBJC_ARC = YES;
				CLANG_ENABLE_OBJC_WEAK = YES;
				CLANG_WARN_BLOCK_CAPTURE_AUTORELEASING = YES;
				CLANG_WARN_BOOL_CONVERSION = YES;
				CLANG_WARN_COMMA = YES;
				CLANG_WARN_CONSTANT_CONVERSION = YES;
				CLANG_WARN_DEPRECATED_OBJC_IMPLEMENTATIONS = YES;
				CLANG_WARN_DIRECT_OBJC_ISA_USAGE = YES_ERROR;
				CLANG_WARN_DOCUMENTATION_COMMENTS = YES;
				CLANG_WARN_EMPTY_BODY = YES;
				CLANG_WARN_ENUM_CONVERSION = YES;
				CLANG_WARN_INFINITE_RECURSION = YES;
				CLANG_WARN_INT_CONVERSION = YES;
				CLANG_WARN_NON_LITERAL_NULL_CONVERSION = YES;
				CLANG_WARN_OBJC_IMPLICIT_RETAIN_SELF = YES;
				CLANG_WARN_OBJC_LITERAL_CONVERSION = YES;
				CLANG_WARN_OBJC_ROOT_CLASS = YES_ERROR;
				CLANG_WARN_QUOTED_INCLUDE_IN_FRAMEWORK_HEADER = YES;
				CLANG_WARN_RANGE_LOOP_ANALYSIS = YES;
				CLANG_WARN_STRICT_PROTOTYPES = YES;
				CLANG_WARN_SUSPICIOUS_MOVE = YES;
				CLANG_WARN_UNGUARDED_AVAILABILITY = YES_AGGRESSIVE;
				CLANG_WARN_UNREACHABLE_CODE = YES;
				CLANG_WARN__DUPLICATE_METHOD_MATCH = YES;
				CODE_SIGN_IDENTITY = "-";
				COPY_PHASE_STRIP = NO;
				DEAD_CODE_STRIPPING = YES;
				DEBUG_INFORMATION_FORMAT = "dwarf-with-dsym";
				ENABLE_NS_ASSERTIONS = NO;
				ENABLE_STRICT_OBJC_MSGSEND = YES;
				GCC_C_LANGUAGE_STANDARD = gnu11;
				GCC_NO_COMMON_BLOCKS = YES;
				GCC_WARN_64_TO_32_BIT_CONVERSION = YES;
				GCC_WARN_ABOUT_RETURN_TYPE = YES_ERROR;
				GCC_WARN_UNDECLARED_SELECTOR = YES;
				GCC_WARN_UNINITIALIZED_AUTOS = YES_AGGRESSIVE;
				GCC_WARN_UNUSED_FUNCTION = YES;
				GCC_WARN_UNUSED_VARIABLE = YES;
				MACOSX_DEPLOYMENT_TARGET = 10.14;
				MTL_ENABLE_DEBUG_INFO = NO;
				MTL_FAST_MATH = YES;
				SDKROOT = macosx;
			};
			name = Release;
		};
		DD9B139A22C23A7A002D1D79 /* Debug */ = {
			isa = XCBuildConfiguration;
			baseConfigurationReference = EAD2A45A3180A5136D3DE7CA /* Pods-IJKMediaMacDemo.debug.xcconfig */;
			buildSettings = {
				ASSETCATALOG_COMPILER_APPICON_NAME = AppIcon;
				CODE_SIGN_ENTITLEMENTS = IJKMediaDemo/IJKMediaDemo.entitlements;
				CODE_SIGN_IDENTITY = "Apple Development";
				"CODE_SIGN_IDENTITY[sdk=macosx*]" = "Apple Development";
				CODE_SIGN_STYLE = Automatic;
				COMBINE_HIDPI_IMAGES = YES;
				CURRENT_PROJECT_VERSION = 1;
				DEAD_CODE_STRIPPING = YES;
				DEVELOPMENT_TEAM = 96C96H28CU;
				ENABLE_HARDENED_RUNTIME = YES;
				GCC_PRECOMPILE_PREFIX_HEADER = YES;
				GCC_PREFIX_HEADER = IJKMediaDemo/PrefixHeader.pch;
				INFOPLIST_FILE = IJKMediaDemo/Info.plist;
				INFOPLIST_KEY_CFBundleDisplayName = IJKMediaMacDemo;
				LD_RUNPATH_SEARCH_PATHS = (
					"$(inherited)",
					"@executable_path/../Frameworks",
				);
				MACOSX_DEPLOYMENT_TARGET = 10.15;
				MARKETING_VERSION = 0.10.2;
				PRODUCT_BUNDLE_IDENTIFIER = "cn.debugly.IJKMediaMacDemo.${DEVELOPMENT_TEAM}";
				PRODUCT_NAME = "$(TARGET_NAME)";
				PROVISIONING_PROFILE_SPECIFIER = "";
			};
			name = Debug;
		};
		DD9B139B22C23A7A002D1D79 /* Release */ = {
			isa = XCBuildConfiguration;
			baseConfigurationReference = 9409D4EABED075A613A5C430 /* Pods-IJKMediaMacDemo.release.xcconfig */;
			buildSettings = {
				ASSETCATALOG_COMPILER_APPICON_NAME = AppIcon;
				CODE_SIGN_ENTITLEMENTS = IJKMediaDemo/IJKMediaDemo.entitlements;
				CODE_SIGN_IDENTITY = "Apple Development";
				"CODE_SIGN_IDENTITY[sdk=macosx*]" = "Apple Development";
				CODE_SIGN_STYLE = Automatic;
				COMBINE_HIDPI_IMAGES = YES;
				CURRENT_PROJECT_VERSION = 1;
				DEAD_CODE_STRIPPING = YES;
				DEVELOPMENT_TEAM = 96C96H28CU;
				ENABLE_HARDENED_RUNTIME = YES;
				GCC_PRECOMPILE_PREFIX_HEADER = YES;
				GCC_PREFIX_HEADER = IJKMediaDemo/PrefixHeader.pch;
				INFOPLIST_FILE = IJKMediaDemo/Info.plist;
				INFOPLIST_KEY_CFBundleDisplayName = IJKMediaMacDemo;
				LD_RUNPATH_SEARCH_PATHS = (
					"$(inherited)",
					"@executable_path/../Frameworks",
				);
				MACOSX_DEPLOYMENT_TARGET = 10.15;
				MARKETING_VERSION = 0.10.2;
				PRODUCT_BUNDLE_IDENTIFIER = "cn.debugly.IJKMediaMacDemo.${DEVELOPMENT_TEAM}";
				PRODUCT_NAME = "$(TARGET_NAME)";
				PROVISIONING_PROFILE_SPECIFIER = "";
			};
			name = Release;
		};
/* End XCBuildConfiguration section */

/* Begin XCConfigurationList section */
		DD9B138322C23A79002D1D79 /* Build configuration list for PBXProject "IJKMediaMacDemo" */ = {
			isa = XCConfigurationList;
			buildConfigurations = (
				DD9B139722C23A7A002D1D79 /* Debug */,
				DD9B139822C23A7A002D1D79 /* Release */,
			);
			defaultConfigurationIsVisible = 0;
			defaultConfigurationName = Release;
		};
		DD9B139922C23A7A002D1D79 /* Build configuration list for PBXNativeTarget "IJKMediaMacDemo" */ = {
			isa = XCConfigurationList;
			buildConfigurations = (
				DD9B139A22C23A7A002D1D79 /* Debug */,
				DD9B139B22C23A7A002D1D79 /* Release */,
			);
			defaultConfigurationIsVisible = 0;
			defaultConfigurationName = Release;
		};
/* End XCConfigurationList section */
	};
	rootObject = DD9B138022C23A79002D1D79 /* Project object */;
}
