// !$*UTF8*$!
{
	archiveVersion = 1;
	classes = {
	};
	objectVersion = 51;
	objects = {

/* Begin PBXBuildFile section */
		48785FCC6E8D62593A0839B8 /* Pods_IJKMediaMacDemo.framework in Frameworks */ = {isa = PBXBuildFile; fileRef = 9DCADD1347BDB5B68E4C0CFA /* Pods_IJKMediaMacDemo.framework */; };
		C92D5BC72914C525009D80D7 /* 2e0fb226-d7c3-4672-a4bc-db6e1bbf6a06.m3u8 in Resources */ = {isa = PBXBuildFile; fileRef = C92D5BC62914C525009D80D7 /* 2e0fb226-d7c3-4672-a4bc-db6e1bbf6a06.m3u8 */; };
		C955003E27C75A580026AB17 /* Setting.storyboard in Resources */ = {isa = PBXBuildFile; fileRef = C955003D27C75A580026AB17 /* Setting.storyboard */; };
		C955004227C75E740026AB17 /* LeftCategoryController.m in Sources */ = {isa = PBXBuildFile; fileRef = C955004127C75E740026AB17 /* LeftCategoryController.m */; };
		C955004527C7634F0026AB17 /* SettingSplitViewController.m in Sources */ = {isa = PBXBuildFile; fileRef = C955004427C7634F0026AB17 /* SettingSplitViewController.m */; };
		C955004A27C768DD0026AB17 /* SubtitleSettingViewController.m in Sources */ = {isa = PBXBuildFile; fileRef = C955004827C768DD0026AB17 /* SubtitleSettingViewController.m */; };
		C955004B27C768DD0026AB17 /* SubtitleSettingViewController.xib in Resources */ = {isa = PBXBuildFile; fileRef = C955004927C768DD0026AB17 /* SubtitleSettingViewController.xib */; };
		C955004F27C769050026AB17 /* GeneralSettingViewController.m in Sources */ = {isa = PBXBuildFile; fileRef = C955004D27C769050026AB17 /* GeneralSettingViewController.m */; };
		C955005027C769050026AB17 /* GeneralSettingViewController.xib in Resources */ = {isa = PBXBuildFile; fileRef = C955004E27C769050026AB17 /* GeneralSettingViewController.xib */; };
		C955005427C769770026AB17 /* SnapshotSettingViewController.m in Sources */ = {isa = PBXBuildFile; fileRef = C955005227C769770026AB17 /* SnapshotSettingViewController.m */; };
		C955005527C769770026AB17 /* SnapshotSettingViewController.xib in Resources */ = {isa = PBXBuildFile; fileRef = C955005327C769770026AB17 /* SnapshotSettingViewController.xib */; };
		C955005927C7698F0026AB17 /* DecoderSettingViewController.m in Sources */ = {isa = PBXBuildFile; fileRef = C955005727C7698F0026AB17 /* DecoderSettingViewController.m */; };
		C955005A27C7698F0026AB17 /* DecoderSettingViewController.xib in Resources */ = {isa = PBXBuildFile; fileRef = C955005827C7698F0026AB17 /* DecoderSettingViewController.xib */; };
		C955005E27C769D30026AB17 /* GraphicSettingViewController.m in Sources */ = {isa = PBXBuildFile; fileRef = C955005C27C769D30026AB17 /* GraphicSettingViewController.m */; };
		C955005F27C769D30026AB17 /* GraphicSettingViewController.xib in Resources */ = {isa = PBXBuildFile; fileRef = C955005D27C769D30026AB17 /* GraphicSettingViewController.xib */; };
		C969BBAF27BBA4E1008BC2AD /* 5003509-693880-2.webvtt in Resources */ = {isa = PBXBuildFile; fileRef = C969BBAB27BBA4E1008BC2AD /* 5003509-693880-2.webvtt */; };
		C969BBB027BBA4E1008BC2AD /* 5003509-693880-5.webvtt in Resources */ = {isa = PBXBuildFile; fileRef = C969BBAC27BBA4E1008BC2AD /* 5003509-693880-5.webvtt */; };
		C969BBB227BBA4E1008BC2AD /* 5003509-693880-3.m3u8 in Resources */ = {isa = PBXBuildFile; fileRef = C969BBAE27BBA4E1008BC2AD /* 5003509-693880-3.m3u8 */; };
		C969BE4B27BDCD27008BC2AD /* MRGlobalNotification.m in Sources */ = {isa = PBXBuildFile; fileRef = C969BE4927BDCD27008BC2AD /* MRGlobalNotification.m */; };
		C969BE4E27BDD34E008BC2AD /* MRUtil+SystemPanel.m in Sources */ = {isa = PBXBuildFile; fileRef = C969BE4C27BDD34E008BC2AD /* MRUtil+SystemPanel.m */; };
		C969BEBA27BDEAD0008BC2AD /* 5003509-693880-1.m3u8 in Resources */ = {isa = PBXBuildFile; fileRef = C969BEB927BDEAD0008BC2AD /* 5003509-693880-1.m3u8 */; };
		C96F5B9B291A052100C79E07 /* MRProgressIndicator.m in Sources */ = {isa = PBXBuildFile; fileRef = C96F5B99291A052000C79E07 /* MRProgressIndicator.m */; };
		C96F5B9D291A4B1100C79E07 /* 2e0fb226-d7c3-4672-a4bc.m3u8 in Resources */ = {isa = PBXBuildFile; fileRef = C96F5B9C291A4B1100C79E07 /* 2e0fb226-d7c3-4672-a4bc.m3u8 */; };
		C97DCC0727C867EA0019874F /* MRBaseView.m in Sources */ = {isa = PBXBuildFile; fileRef = C97DCC0627C867EA0019874F /* MRBaseView.m */; };
		C9FFF21527C864C100284B46 /* MRProgressSlider.m in Sources */ = {isa = PBXBuildFile; fileRef = C9FFF21327C864C100284B46 /* MRProgressSlider.m */; };
		DD0443E627E7749800CB946B /* MRActionProcessor+Private.m in Sources */ = {isa = PBXBuildFile; fileRef = DD0443DE27E7749800CB946B /* MRActionProcessor+Private.m */; };
		DD0443E727E7749800CB946B /* MRActionProcessor.m in Sources */ = {isa = PBXBuildFile; fileRef = DD0443E027E7749800CB946B /* MRActionProcessor.m */; };
		DD0443E827E7749800CB946B /* MRActionManager.m in Sources */ = {isa = PBXBuildFile; fileRef = DD0443E227E7749800CB946B /* MRActionManager.m */; };
		DD0443E927E7749800CB946B /* MRActionItem.m in Sources */ = {isa = PBXBuildFile; fileRef = DD0443E327E7749800CB946B /* MRActionItem.m */; };
		DD050F9D25A43A1300F01E2F /* MRUtil.m in Sources */ = {isa = PBXBuildFile; fileRef = DD050F9625A43A1300F01E2F /* MRUtil.m */; };
		DD050F9E25A43A1300F01E2F /* MRDragView.m in Sources */ = {isa = PBXBuildFile; fileRef = DD050F9C25A43A1300F01E2F /* MRDragView.m */; };
		DD1B345722CDD89400022FCA /* 996747-5277368-31.m3u8 in Resources */ = {isa = PBXBuildFile; fileRef = DD1B345622CDD89400022FCA /* 996747-5277368-31.m3u8 */; };
		DD4EAF23272FC22D00FBCD3A /* RootViewController.m in Sources */ = {isa = PBXBuildFile; fileRef = DD4EAF21272FC22D00FBCD3A /* RootViewController.m */; };
		DD4EAF24272FC22D00FBCD3A /* RootViewController.xib in Resources */ = {isa = PBXBuildFile; fileRef = DD4EAF22272FC22D00FBCD3A /* RootViewController.xib */; };
		DD4EB00127310F1C00FBCD3A /* WindowController.m in Sources */ = {isa = PBXBuildFile; fileRef = DD4EB00027310F1C00FBCD3A /* WindowController.m */; };
		DD9B138D22C23A79002D1D79 /* AppDelegate.m in Sources */ = {isa = PBXBuildFile; fileRef = DD9B138C22C23A79002D1D79 /* AppDelegate.m */; };
		DD9B138F22C23A7A002D1D79 /* Assets.xcassets in Resources */ = {isa = PBXBuildFile; fileRef = DD9B138E22C23A7A002D1D79 /* Assets.xcassets */; };
		DD9B139222C23A7A002D1D79 /* MainMenu.xib in Resources */ = {isa = PBXBuildFile; fileRef = DD9B139022C23A7A002D1D79 /* MainMenu.xib */; };
		DD9B139522C23A7A002D1D79 /* main.m in Sources */ = {isa = PBXBuildFile; fileRef = DD9B139422C23A7A002D1D79 /* main.m */; };
		DD9B13BA22C24017002D1D79 /* libc++.tbd in Frameworks */ = {isa = PBXBuildFile; fileRef = DD9B13B922C24017002D1D79 /* libc++.tbd */; };
		DD9B13BC22C2401F002D1D79 /* libbz2.tbd in Frameworks */ = {isa = PBXBuildFile; fileRef = DD9B13BB22C2401F002D1D79 /* libbz2.tbd */; };
		DD9B13BE22C24026002D1D79 /* AVFoundation.framework in Frameworks */ = {isa = PBXBuildFile; fileRef = DD9B13BD22C24026002D1D79 /* AVFoundation.framework */; };
		DD9B13C022C2402D002D1D79 /* GLKit.framework in Frameworks */ = {isa = PBXBuildFile; fileRef = DD9B13BF22C2402D002D1D79 /* GLKit.framework */; };
		DD9B13C222C24037002D1D79 /* CoreGraphics.framework in Frameworks */ = {isa = PBXBuildFile; fileRef = DD9B13C122C24037002D1D79 /* CoreGraphics.framework */; };
		DD9B13C422C24040002D1D79 /* CoreMedia.framework in Frameworks */ = {isa = PBXBuildFile; fileRef = DD9B13C322C24040002D1D79 /* CoreMedia.framework */; };
		DD9B13C622C24048002D1D79 /* CoreVideo.framework in Frameworks */ = {isa = PBXBuildFile; fileRef = DD9B13C522C24048002D1D79 /* CoreVideo.framework */; };
		DD9B13C822C24053002D1D79 /* VideoToolbox.framework in Frameworks */ = {isa = PBXBuildFile; fileRef = DD9B13C722C24053002D1D79 /* VideoToolbox.framework */; };
		DD9B13CA22C24063002D1D79 /* OpenGL.framework in Frameworks */ = {isa = PBXBuildFile; fileRef = DD9B13C922C24063002D1D79 /* OpenGL.framework */; };
		DD9B13CC22C2406C002D1D79 /* QuartzCore.framework in Frameworks */ = {isa = PBXBuildFile; fileRef = DD9B13CB22C2406C002D1D79 /* QuartzCore.framework */; };
		DD9B13CE22C24073002D1D79 /* AudioToolbox.framework in Frameworks */ = {isa = PBXBuildFile; fileRef = DD9B13CD22C24073002D1D79 /* AudioToolbox.framework */; };
		DD9B13D022C2407B002D1D79 /* AudioUnit.framework in Frameworks */ = {isa = PBXBuildFile; fileRef = DD9B13CF22C2407B002D1D79 /* AudioUnit.framework */; };
		DD9B13D222C24084002D1D79 /* CoreAudio.framework in Frameworks */ = {isa = PBXBuildFile; fileRef = DD9B13D122C24084002D1D79 /* CoreAudio.framework */; };
		DD9B13D422C2408E002D1D79 /* VideoDecodeAcceleration.framework in Frameworks */ = {isa = PBXBuildFile; fileRef = DD9B13D322C2408E002D1D79 /* VideoDecodeAcceleration.framework */; };
		DD9B13D622C24095002D1D79 /* libxml2.tbd in Frameworks */ = {isa = PBXBuildFile; fileRef = DD9B13D522C24095002D1D79 /* libxml2.tbd */; };
		DD9B13D822C240A5002D1D79 /* libiconv.tbd in Frameworks */ = {isa = PBXBuildFile; fileRef = DD9B13D722C240A5002D1D79 /* libiconv.tbd */; };
		DD9B13E822C24971002D1D79 /* libz.tbd in Frameworks */ = {isa = PBXBuildFile; fileRef = DD9B13E722C24971002D1D79 /* libz.tbd */; };
		DDB7827B2757266900382094 /* SHBaseView.m in Sources */ = {isa = PBXBuildFile; fileRef = DDB7827A2757266900382094 /* SHBaseView.m */; };
		DDE9FC70273BD3CF00481560 /* NSFileManager+Sandbox.m in Sources */ = {isa = PBXBuildFile; fileRef = DDE9FC6F273BD3CF00481560 /* NSFileManager+Sandbox.m */; };
/* End PBXBuildFile section */

/* Begin PBXFileReference section */
		9409D4EABED075A613A5C430 /* Pods-IJKMediaMacDemo.release.xcconfig */ = {isa = PBXFileReference; includeInIndex = 1; lastKnownFileType = text.xcconfig; name = "Pods-IJKMediaMacDemo.release.xcconfig"; path = "Target Support Files/Pods-IJKMediaMacDemo/Pods-IJKMediaMacDemo.release.xcconfig"; sourceTree = "<group>"; };
		9DCADD1347BDB5B68E4C0CFA /* Pods_IJKMediaMacDemo.framework */ = {isa = PBXFileReference; explicitFileType = wrapper.framework; includeInIndex = 0; path = Pods_IJKMediaMacDemo.framework; sourceTree = BUILT_PRODUCTS_DIR; };
		C92D5BC62914C525009D80D7 /* 2e0fb226-d7c3-4672-a4bc-db6e1bbf6a06.m3u8 */ = {isa = PBXFileReference; fileEncoding = 4; lastKnownFileType = text; path = "2e0fb226-d7c3-4672-a4bc-db6e1bbf6a06.m3u8"; sourceTree = "<group>"; };
		C955003D27C75A580026AB17 /* Setting.storyboard */ = {isa = PBXFileReference; lastKnownFileType = file.storyboard; path = Setting.storyboard; sourceTree = "<group>"; };
		C955004027C75E740026AB17 /* LeftCategoryController.h */ = {isa = PBXFileReference; lastKnownFileType = sourcecode.c.h; path = LeftCategoryController.h; sourceTree = "<group>"; };
		C955004127C75E740026AB17 /* LeftCategoryController.m */ = {isa = PBXFileReference; lastKnownFileType = sourcecode.c.objc; path = LeftCategoryController.m; sourceTree = "<group>"; };
		C955004327C7634F0026AB17 /* SettingSplitViewController.h */ = {isa = PBXFileReference; lastKnownFileType = sourcecode.c.h; path = SettingSplitViewController.h; sourceTree = "<group>"; };
		C955004427C7634F0026AB17 /* SettingSplitViewController.m */ = {isa = PBXFileReference; lastKnownFileType = sourcecode.c.objc; path = SettingSplitViewController.m; sourceTree = "<group>"; };
		C955004627C765A30026AB17 /* PrefixHeader.pch */ = {isa = PBXFileReference; lastKnownFileType = sourcecode.c.h; path = PrefixHeader.pch; sourceTree = "<group>"; };
		C955004727C768DD0026AB17 /* SubtitleSettingViewController.h */ = {isa = PBXFileReference; lastKnownFileType = sourcecode.c.h; path = SubtitleSettingViewController.h; sourceTree = "<group>"; };
		C955004827C768DD0026AB17 /* SubtitleSettingViewController.m */ = {isa = PBXFileReference; lastKnownFileType = sourcecode.c.objc; path = SubtitleSettingViewController.m; sourceTree = "<group>"; };
		C955004927C768DD0026AB17 /* SubtitleSettingViewController.xib */ = {isa = PBXFileReference; lastKnownFileType = file.xib; path = SubtitleSettingViewController.xib; sourceTree = "<group>"; };
		C955004C27C769050026AB17 /* GeneralSettingViewController.h */ = {isa = PBXFileReference; lastKnownFileType = sourcecode.c.h; path = GeneralSettingViewController.h; sourceTree = "<group>"; };
		C955004D27C769050026AB17 /* GeneralSettingViewController.m */ = {isa = PBXFileReference; lastKnownFileType = sourcecode.c.objc; path = GeneralSettingViewController.m; sourceTree = "<group>"; };
		C955004E27C769050026AB17 /* GeneralSettingViewController.xib */ = {isa = PBXFileReference; lastKnownFileType = file.xib; path = GeneralSettingViewController.xib; sourceTree = "<group>"; };
		C955005127C769770026AB17 /* SnapshotSettingViewController.h */ = {isa = PBXFileReference; lastKnownFileType = sourcecode.c.h; path = SnapshotSettingViewController.h; sourceTree = "<group>"; };
		C955005227C769770026AB17 /* SnapshotSettingViewController.m */ = {isa = PBXFileReference; lastKnownFileType = sourcecode.c.objc; path = SnapshotSettingViewController.m; sourceTree = "<group>"; };
		C955005327C769770026AB17 /* SnapshotSettingViewController.xib */ = {isa = PBXFileReference; lastKnownFileType = file.xib; path = SnapshotSettingViewController.xib; sourceTree = "<group>"; };
		C955005627C7698F0026AB17 /* DecoderSettingViewController.h */ = {isa = PBXFileReference; lastKnownFileType = sourcecode.c.h; path = DecoderSettingViewController.h; sourceTree = "<group>"; };
		C955005727C7698F0026AB17 /* DecoderSettingViewController.m */ = {isa = PBXFileReference; lastKnownFileType = sourcecode.c.objc; path = DecoderSettingViewController.m; sourceTree = "<group>"; };
		C955005827C7698F0026AB17 /* DecoderSettingViewController.xib */ = {isa = PBXFileReference; lastKnownFileType = file.xib; path = DecoderSettingViewController.xib; sourceTree = "<group>"; };
		C955005B27C769D30026AB17 /* GraphicSettingViewController.h */ = {isa = PBXFileReference; lastKnownFileType = sourcecode.c.h; path = GraphicSettingViewController.h; sourceTree = "<group>"; };
		C955005C27C769D30026AB17 /* GraphicSettingViewController.m */ = {isa = PBXFileReference; lastKnownFileType = sourcecode.c.objc; path = GraphicSettingViewController.m; sourceTree = "<group>"; };
		C955005D27C769D30026AB17 /* GraphicSettingViewController.xib */ = {isa = PBXFileReference; lastKnownFileType = file.xib; path = GraphicSettingViewController.xib; sourceTree = "<group>"; };
		C969BBAB27BBA4E1008BC2AD /* 5003509-693880-2.webvtt */ = {isa = PBXFileReference; fileEncoding = 4; lastKnownFileType = text; path = "5003509-693880-2.webvtt"; sourceTree = "<group>"; };
		C969BBAC27BBA4E1008BC2AD /* 5003509-693880-5.webvtt */ = {isa = PBXFileReference; fileEncoding = 4; lastKnownFileType = text; path = "5003509-693880-5.webvtt"; sourceTree = "<group>"; };
		C969BBAE27BBA4E1008BC2AD /* 5003509-693880-3.m3u8 */ = {isa = PBXFileReference; fileEncoding = 4; lastKnownFileType = text; path = "5003509-693880-3.m3u8"; sourceTree = "<group>"; };
		C969BE4927BDCD27008BC2AD /* MRGlobalNotification.m */ = {isa = PBXFileReference; lastKnownFileType = sourcecode.c.objc; path = MRGlobalNotification.m; sourceTree = "<group>"; };
		C969BE4A27BDCD27008BC2AD /* MRGlobalNotification.h */ = {isa = PBXFileReference; lastKnownFileType = sourcecode.c.h; path = MRGlobalNotification.h; sourceTree = "<group>"; };
		C969BE4C27BDD34E008BC2AD /* MRUtil+SystemPanel.m */ = {isa = PBXFileReference; lastKnownFileType = sourcecode.c.objc; path = "MRUtil+SystemPanel.m"; sourceTree = "<group>"; };
		C969BE4D27BDD34E008BC2AD /* MRUtil+SystemPanel.h */ = {isa = PBXFileReference; lastKnownFileType = sourcecode.c.h; path = "MRUtil+SystemPanel.h"; sourceTree = "<group>"; };
		C969BEB927BDEAD0008BC2AD /* 5003509-693880-1.m3u8 */ = {isa = PBXFileReference; fileEncoding = 4; lastKnownFileType = text; path = "5003509-693880-1.m3u8"; sourceTree = "<group>"; };
		C96F5B99291A052000C79E07 /* MRProgressIndicator.m */ = {isa = PBXFileReference; fileEncoding = 4; lastKnownFileType = sourcecode.c.objc; path = MRProgressIndicator.m; sourceTree = "<group>"; };
		C96F5B9A291A052100C79E07 /* MRProgressIndicator.h */ = {isa = PBXFileReference; fileEncoding = 4; lastKnownFileType = sourcecode.c.h; path = MRProgressIndicator.h; sourceTree = "<group>"; };
		C96F5B9C291A4B1100C79E07 /* 2e0fb226-d7c3-4672-a4bc.m3u8 */ = {isa = PBXFileReference; fileEncoding = 4; lastKnownFileType = text; path = "2e0fb226-d7c3-4672-a4bc.m3u8"; sourceTree = "<group>"; };
		C97DCC0527C867EA0019874F /* MRBaseView.h */ = {isa = PBXFileReference; lastKnownFileType = sourcecode.c.h; path = MRBaseView.h; sourceTree = "<group>"; };
		C97DCC0627C867EA0019874F /* MRBaseView.m */ = {isa = PBXFileReference; lastKnownFileType = sourcecode.c.objc; path = MRBaseView.m; sourceTree = "<group>"; };
		C9FFF21327C864C100284B46 /* MRProgressSlider.m */ = {isa = PBXFileReference; fileEncoding = 4; lastKnownFileType = sourcecode.c.objc; path = MRProgressSlider.m; sourceTree = "<group>"; };
		C9FFF21427C864C100284B46 /* MRProgressSlider.h */ = {isa = PBXFileReference; fileEncoding = 4; lastKnownFileType = sourcecode.c.h; path = MRProgressSlider.h; sourceTree = "<group>"; };
		DD0443DC27E7749800CB946B /* MRActionManager.h */ = {isa = PBXFileReference; fileEncoding = 4; lastKnownFileType = sourcecode.c.h; path = MRActionManager.h; sourceTree = "<group>"; };
		DD0443DD27E7749800CB946B /* MRActionItem.h */ = {isa = PBXFileReference; fileEncoding = 4; lastKnownFileType = sourcecode.c.h; path = MRActionItem.h; sourceTree = "<group>"; };
		DD0443DE27E7749800CB946B /* MRActionProcessor+Private.m */ = {isa = PBXFileReference; fileEncoding = 4; lastKnownFileType = sourcecode.c.objc; path = "MRActionProcessor+Private.m"; sourceTree = "<group>"; };
		DD0443DF27E7749800CB946B /* MRActionKit.h */ = {isa = PBXFileReference; fileEncoding = 4; lastKnownFileType = sourcecode.c.h; path = MRActionKit.h; sourceTree = "<group>"; };
		DD0443E027E7749800CB946B /* MRActionProcessor.m */ = {isa = PBXFileReference; fileEncoding = 4; lastKnownFileType = sourcecode.c.objc; path = MRActionProcessor.m; sourceTree = "<group>"; };
		DD0443E127E7749800CB946B /* MRActionProcessorInternal.h */ = {isa = PBXFileReference; fileEncoding = 4; lastKnownFileType = sourcecode.c.h; path = MRActionProcessorInternal.h; sourceTree = "<group>"; };
		DD0443E227E7749800CB946B /* MRActionManager.m */ = {isa = PBXFileReference; fileEncoding = 4; lastKnownFileType = sourcecode.c.objc; path = MRActionManager.m; sourceTree = "<group>"; };
		DD0443E327E7749800CB946B /* MRActionItem.m */ = {isa = PBXFileReference; fileEncoding = 4; lastKnownFileType = sourcecode.c.objc; path = MRActionItem.m; sourceTree = "<group>"; };
		DD0443E427E7749800CB946B /* MRActionProcessor+Private.h */ = {isa = PBXFileReference; fileEncoding = 4; lastKnownFileType = sourcecode.c.h; path = "MRActionProcessor+Private.h"; sourceTree = "<group>"; };
		DD0443E527E7749800CB946B /* MRActionProcessor.h */ = {isa = PBXFileReference; fileEncoding = 4; lastKnownFileType = sourcecode.c.h; path = MRActionProcessor.h; sourceTree = "<group>"; };
		DD050F9525A43A1300F01E2F /* MRUtil.h */ = {isa = PBXFileReference; fileEncoding = 4; lastKnownFileType = sourcecode.c.h; path = MRUtil.h; sourceTree = "<group>"; };
		DD050F9625A43A1300F01E2F /* MRUtil.m */ = {isa = PBXFileReference; fileEncoding = 4; lastKnownFileType = sourcecode.c.objc; path = MRUtil.m; sourceTree = "<group>"; };
		DD050F9B25A43A1300F01E2F /* MRDragView.h */ = {isa = PBXFileReference; fileEncoding = 4; lastKnownFileType = sourcecode.c.h; path = MRDragView.h; sourceTree = "<group>"; };
		DD050F9C25A43A1300F01E2F /* MRDragView.m */ = {isa = PBXFileReference; fileEncoding = 4; lastKnownFileType = sourcecode.c.objc; path = MRDragView.m; sourceTree = "<group>"; };
		DD1B345622CDD89400022FCA /* 996747-5277368-31.m3u8 */ = {isa = PBXFileReference; fileEncoding = 4; lastKnownFileType = text; path = "996747-5277368-31.m3u8"; sourceTree = "<group>"; };
		DD4EAF20272FC22D00FBCD3A /* RootViewController.h */ = {isa = PBXFileReference; lastKnownFileType = sourcecode.c.h; path = RootViewController.h; sourceTree = "<group>"; };
		DD4EAF21272FC22D00FBCD3A /* RootViewController.m */ = {isa = PBXFileReference; lastKnownFileType = sourcecode.c.objc; path = RootViewController.m; sourceTree = "<group>"; };
		DD4EAF22272FC22D00FBCD3A /* RootViewController.xib */ = {isa = PBXFileReference; lastKnownFileType = file.xib; path = RootViewController.xib; sourceTree = "<group>"; };
		DD4EAFFF27310F1C00FBCD3A /* WindowController.h */ = {isa = PBXFileReference; lastKnownFileType = sourcecode.c.h; path = WindowController.h; sourceTree = "<group>"; };
		DD4EB00027310F1C00FBCD3A /* WindowController.m */ = {isa = PBXFileReference; lastKnownFileType = sourcecode.c.objc; path = WindowController.m; sourceTree = "<group>"; };
		DD9B138822C23A79002D1D79 /* IJKMediaMacDemo.app */ = {isa = PBXFileReference; explicitFileType = wrapper.application; includeInIndex = 0; path = IJKMediaMacDemo.app; sourceTree = BUILT_PRODUCTS_DIR; };
		DD9B138B22C23A79002D1D79 /* AppDelegate.h */ = {isa = PBXFileReference; lastKnownFileType = sourcecode.c.h; path = AppDelegate.h; sourceTree = "<group>"; };
		DD9B138C22C23A79002D1D79 /* AppDelegate.m */ = {isa = PBXFileReference; lastKnownFileType = sourcecode.c.objc; path = AppDelegate.m; sourceTree = "<group>"; };
		DD9B138E22C23A7A002D1D79 /* Assets.xcassets */ = {isa = PBXFileReference; lastKnownFileType = folder.assetcatalog; path = Assets.xcassets; sourceTree = "<group>"; };
		DD9B139122C23A7A002D1D79 /* Base */ = {isa = PBXFileReference; lastKnownFileType = file.xib; name = Base; path = Base.lproj/MainMenu.xib; sourceTree = "<group>"; };
		DD9B139322C23A7A002D1D79 /* Info.plist */ = {isa = PBXFileReference; lastKnownFileType = text.plist.xml; path = Info.plist; sourceTree = "<group>"; };
		DD9B139422C23A7A002D1D79 /* main.m */ = {isa = PBXFileReference; lastKnownFileType = sourcecode.c.objc; path = main.m; sourceTree = "<group>"; };
		DD9B139622C23A7A002D1D79 /* IJKMediaDemo.entitlements */ = {isa = PBXFileReference; lastKnownFileType = text.plist.entitlements; path = IJKMediaDemo.entitlements; sourceTree = "<group>"; };
		DD9B13B922C24017002D1D79 /* libc++.tbd */ = {isa = PBXFileReference; lastKnownFileType = "sourcecode.text-based-dylib-definition"; name = "libc++.tbd"; path = "usr/lib/libc++.tbd"; sourceTree = SDKROOT; };
		DD9B13BB22C2401F002D1D79 /* libbz2.tbd */ = {isa = PBXFileReference; lastKnownFileType = "sourcecode.text-based-dylib-definition"; name = libbz2.tbd; path = usr/lib/libbz2.tbd; sourceTree = SDKROOT; };
		DD9B13BD22C24026002D1D79 /* AVFoundation.framework */ = {isa = PBXFileReference; lastKnownFileType = wrapper.framework; name = AVFoundation.framework; path = System/Library/Frameworks/AVFoundation.framework; sourceTree = SDKROOT; };
		DD9B13BF22C2402D002D1D79 /* GLKit.framework */ = {isa = PBXFileReference; lastKnownFileType = wrapper.framework; name = GLKit.framework; path = System/Library/Frameworks/GLKit.framework; sourceTree = SDKROOT; };
		DD9B13C122C24037002D1D79 /* CoreGraphics.framework */ = {isa = PBXFileReference; lastKnownFileType = wrapper.framework; name = CoreGraphics.framework; path = System/Library/Frameworks/CoreGraphics.framework; sourceTree = SDKROOT; };
		DD9B13C322C24040002D1D79 /* CoreMedia.framework */ = {isa = PBXFileReference; lastKnownFileType = wrapper.framework; name = CoreMedia.framework; path = System/Library/Frameworks/CoreMedia.framework; sourceTree = SDKROOT; };
		DD9B13C522C24048002D1D79 /* CoreVideo.framework */ = {isa = PBXFileReference; lastKnownFileType = wrapper.framework; name = CoreVideo.framework; path = System/Library/Frameworks/CoreVideo.framework; sourceTree = SDKROOT; };
		DD9B13C722C24053002D1D79 /* VideoToolbox.framework */ = {isa = PBXFileReference; lastKnownFileType = wrapper.framework; name = VideoToolbox.framework; path = System/Library/Frameworks/VideoToolbox.framework; sourceTree = SDKROOT; };
		DD9B13C922C24063002D1D79 /* OpenGL.framework */ = {isa = PBXFileReference; lastKnownFileType = wrapper.framework; name = OpenGL.framework; path = System/Library/Frameworks/OpenGL.framework; sourceTree = SDKROOT; };
		DD9B13CB22C2406C002D1D79 /* QuartzCore.framework */ = {isa = PBXFileReference; lastKnownFileType = wrapper.framework; name = QuartzCore.framework; path = System/Library/Frameworks/QuartzCore.framework; sourceTree = SDKROOT; };
		DD9B13CD22C24073002D1D79 /* AudioToolbox.framework */ = {isa = PBXFileReference; lastKnownFileType = wrapper.framework; name = AudioToolbox.framework; path = System/Library/Frameworks/AudioToolbox.framework; sourceTree = SDKROOT; };
		DD9B13CF22C2407B002D1D79 /* AudioUnit.framework */ = {isa = PBXFileReference; lastKnownFileType = wrapper.framework; name = AudioUnit.framework; path = System/Library/Frameworks/AudioUnit.framework; sourceTree = SDKROOT; };
		DD9B13D122C24084002D1D79 /* CoreAudio.framework */ = {isa = PBXFileReference; lastKnownFileType = wrapper.framework; name = CoreAudio.framework; path = System/Library/Frameworks/CoreAudio.framework; sourceTree = SDKROOT; };
		DD9B13D322C2408E002D1D79 /* VideoDecodeAcceleration.framework */ = {isa = PBXFileReference; lastKnownFileType = wrapper.framework; name = VideoDecodeAcceleration.framework; path = System/Library/Frameworks/VideoDecodeAcceleration.framework; sourceTree = SDKROOT; };
		DD9B13D522C24095002D1D79 /* libxml2.tbd */ = {isa = PBXFileReference; lastKnownFileType = "sourcecode.text-based-dylib-definition"; name = libxml2.tbd; path = usr/lib/libxml2.tbd; sourceTree = SDKROOT; };
		DD9B13D722C240A5002D1D79 /* libiconv.tbd */ = {isa = PBXFileReference; lastKnownFileType = "sourcecode.text-based-dylib-definition"; name = libiconv.tbd; path = usr/lib/libiconv.tbd; sourceTree = SDKROOT; };
		DD9B13E722C24971002D1D79 /* libz.tbd */ = {isa = PBXFileReference; lastKnownFileType = "sourcecode.text-based-dylib-definition"; name = libz.tbd; path = usr/lib/libz.tbd; sourceTree = SDKROOT; };
		DDB782792757266800382094 /* SHBaseView.h */ = {isa = PBXFileReference; fileEncoding = 4; lastKnownFileType = sourcecode.c.h; path = SHBaseView.h; sourceTree = "<group>"; };
		DDB7827A2757266900382094 /* SHBaseView.m */ = {isa = PBXFileReference; fileEncoding = 4; lastKnownFileType = sourcecode.c.objc; path = SHBaseView.m; sourceTree = "<group>"; };
		DDE9FC6E273BD3CF00481560 /* NSFileManager+Sandbox.h */ = {isa = PBXFileReference; fileEncoding = 4; lastKnownFileType = sourcecode.c.h; path = "NSFileManager+Sandbox.h"; sourceTree = "<group>"; };
		DDE9FC6F273BD3CF00481560 /* NSFileManager+Sandbox.m */ = {isa = PBXFileReference; fileEncoding = 4; lastKnownFileType = sourcecode.c.objc; path = "NSFileManager+Sandbox.m"; sourceTree = "<group>"; };
		EAD2A45A3180A5136D3DE7CA /* Pods-IJKMediaMacDemo.debug.xcconfig */ = {isa = PBXFileReference; includeInIndex = 1; lastKnownFileType = text.xcconfig; name = "Pods-IJKMediaMacDemo.debug.xcconfig"; path = "Target Support Files/Pods-IJKMediaMacDemo/Pods-IJKMediaMacDemo.debug.xcconfig"; sourceTree = "<group>"; };
/* End PBXFileReference section */

/* Begin PBXFrameworksBuildPhase section */
		DD9B138522C23A79002D1D79 /* Frameworks */ = {
			isa = PBXFrameworksBuildPhase;
			buildActionMask = 2147483647;
			files = (
				DD9B13E822C24971002D1D79 /* libz.tbd in Frameworks */,
				DD9B13D822C240A5002D1D79 /* libiconv.tbd in Frameworks */,
				DD9B13D622C24095002D1D79 /* libxml2.tbd in Frameworks */,
				DD9B13D422C2408E002D1D79 /* VideoDecodeAcceleration.framework in Frameworks */,
				DD9B13D222C24084002D1D79 /* CoreAudio.framework in Frameworks */,
				DD9B13D022C2407B002D1D79 /* AudioUnit.framework in Frameworks */,
				DD9B13CE22C24073002D1D79 /* AudioToolbox.framework in Frameworks */,
				DD9B13CC22C2406C002D1D79 /* QuartzCore.framework in Frameworks */,
				DD9B13CA22C24063002D1D79 /* OpenGL.framework in Frameworks */,
				DD9B13C822C24053002D1D79 /* VideoToolbox.framework in Frameworks */,
				DD9B13C622C24048002D1D79 /* CoreVideo.framework in Frameworks */,
				DD9B13C422C24040002D1D79 /* CoreMedia.framework in Frameworks */,
				DD9B13C222C24037002D1D79 /* CoreGraphics.framework in Frameworks */,
				DD9B13C022C2402D002D1D79 /* GLKit.framework in Frameworks */,
				DD9B13BE22C24026002D1D79 /* AVFoundation.framework in Frameworks */,
				DD9B13BC22C2401F002D1D79 /* libbz2.tbd in Frameworks */,
				DD9B13BA22C24017002D1D79 /* libc++.tbd in Frameworks */,
				48785FCC6E8D62593A0839B8 /* Pods_IJKMediaMacDemo.framework in Frameworks */,
			);
			runOnlyForDeploymentPostprocessing = 0;
		};
/* End PBXFrameworksBuildPhase section */

/* Begin PBXGroup section */
		C955003F27C75DFC0026AB17 /* Settings */ = {
			isa = PBXGroup;
			children = (
				C955003D27C75A580026AB17 /* Setting.storyboard */,
				C955004327C7634F0026AB17 /* SettingSplitViewController.h */,
				C955004427C7634F0026AB17 /* SettingSplitViewController.m */,
				C955004027C75E740026AB17 /* LeftCategoryController.h */,
				C955004127C75E740026AB17 /* LeftCategoryController.m */,
				C955004727C768DD0026AB17 /* SubtitleSettingViewController.h */,
				C955004827C768DD0026AB17 /* SubtitleSettingViewController.m */,
				C955004927C768DD0026AB17 /* SubtitleSettingViewController.xib */,
				C955004C27C769050026AB17 /* GeneralSettingViewController.h */,
				C955004D27C769050026AB17 /* GeneralSettingViewController.m */,
				C955004E27C769050026AB17 /* GeneralSettingViewController.xib */,
				C955005127C769770026AB17 /* SnapshotSettingViewController.h */,
				C955005227C769770026AB17 /* SnapshotSettingViewController.m */,
				C955005327C769770026AB17 /* SnapshotSettingViewController.xib */,
				C955005627C7698F0026AB17 /* DecoderSettingViewController.h */,
				C955005727C7698F0026AB17 /* DecoderSettingViewController.m */,
				C955005827C7698F0026AB17 /* DecoderSettingViewController.xib */,
				C955005B27C769D30026AB17 /* GraphicSettingViewController.h */,
				C955005C27C769D30026AB17 /* GraphicSettingViewController.m */,
				C955005D27C769D30026AB17 /* GraphicSettingViewController.xib */,
			);
			path = Settings;
			sourceTree = "<group>";
		};
		DD0443DB27E7749800CB946B /* MRActionKit */ = {
			isa = PBXGroup;
			children = (
				DD0443DD27E7749800CB946B /* MRActionItem.h */,
				DD0443E327E7749800CB946B /* MRActionItem.m */,
				DD0443DF27E7749800CB946B /* MRActionKit.h */,
				DD0443DC27E7749800CB946B /* MRActionManager.h */,
				DD0443E227E7749800CB946B /* MRActionManager.m */,
				DD0443E527E7749800CB946B /* MRActionProcessor.h */,
				DD0443E027E7749800CB946B /* MRActionProcessor.m */,
				DD0443E427E7749800CB946B /* MRActionProcessor+Private.h */,
				DD0443DE27E7749800CB946B /* MRActionProcessor+Private.m */,
				DD0443E127E7749800CB946B /* MRActionProcessorInternal.h */,
			);
			path = MRActionKit;
			sourceTree = "<group>";
		};
		DD050F9425A43A1300F01E2F /* MRUtil */ = {
			isa = PBXGroup;
			children = (
				C969BE4D27BDD34E008BC2AD /* MRUtil+SystemPanel.h */,
				C969BE4C27BDD34E008BC2AD /* MRUtil+SystemPanel.m */,
				C969BE4A27BDCD27008BC2AD /* MRGlobalNotification.h */,
				C969BE4927BDCD27008BC2AD /* MRGlobalNotification.m */,
				DDE9FC6E273BD3CF00481560 /* NSFileManager+Sandbox.h */,
				DDE9FC6F273BD3CF00481560 /* NSFileManager+Sandbox.m */,
				DD050F9525A43A1300F01E2F /* MRUtil.h */,
				DD050F9625A43A1300F01E2F /* MRUtil.m */,
			);
			path = MRUtil;
			sourceTree = "<group>";
		};
		DD050F9A25A43A1300F01E2F /* DragView */ = {
			isa = PBXGroup;
			children = (
				DD050F9B25A43A1300F01E2F /* MRDragView.h */,
				DD050F9C25A43A1300F01E2F /* MRDragView.m */,
			);
			path = DragView;
			sourceTree = "<group>";
		};
		DD9B137F22C23A79002D1D79 = {
			isa = PBXGroup;
			children = (
				DD9B138A22C23A79002D1D79 /* IJKMediaDemo */,
				DD9B138922C23A79002D1D79 /* Products */,
				DD9B13B822C24017002D1D79 /* Frameworks */,
				FEE5CD56F22316C065CD4830 /* Pods */,
			);
			sourceTree = "<group>";
		};
		DD9B138922C23A79002D1D79 /* Products */ = {
			isa = PBXGroup;
			children = (
				DD9B138822C23A79002D1D79 /* IJKMediaMacDemo.app */,
			);
			name = Products;
			sourceTree = "<group>";
		};
		DD9B138A22C23A79002D1D79 /* IJKMediaDemo */ = {
			isa = PBXGroup;
			children = (
				C955003F27C75DFC0026AB17 /* Settings */,
				DD9B138B22C23A79002D1D79 /* AppDelegate.h */,
				DD9B138C22C23A79002D1D79 /* AppDelegate.m */,
				DDB782792757266800382094 /* SHBaseView.h */,
				DDB7827A2757266900382094 /* SHBaseView.m */,
				DD4EAFFF27310F1C00FBCD3A /* WindowController.h */,
				DD4EB00027310F1C00FBCD3A /* WindowController.m */,
				DD4EAF20272FC22D00FBCD3A /* RootViewController.h */,
				DD4EAF21272FC22D00FBCD3A /* RootViewController.m */,
				DD4EAF22272FC22D00FBCD3A /* RootViewController.xib */,
				C97DCC0527C867EA0019874F /* MRBaseView.h */,
				C97DCC0627C867EA0019874F /* MRBaseView.m */,
				C9FFF21427C864C100284B46 /* MRProgressSlider.h */,
				C9FFF21327C864C100284B46 /* MRProgressSlider.m */,
				C96F5B9A291A052100C79E07 /* MRProgressIndicator.h */,
				C96F5B99291A052000C79E07 /* MRProgressIndicator.m */,
				DD050F9A25A43A1300F01E2F /* DragView */,
				DD050F9425A43A1300F01E2F /* MRUtil */,
				DD0443DB27E7749800CB946B /* MRActionKit */,
				DD9B138E22C23A7A002D1D79 /* Assets.xcassets */,
				DD9B139022C23A7A002D1D79 /* MainMenu.xib */,
				C955004627C765A30026AB17 /* PrefixHeader.pch */,
				DD9B139322C23A7A002D1D79 /* Info.plist */,
				C96F5B9C291A4B1100C79E07 /* 2e0fb226-d7c3-4672-a4bc.m3u8 */,
				C92D5BC62914C525009D80D7 /* 2e0fb226-d7c3-4672-a4bc-db6e1bbf6a06.m3u8 */,
				C969BEB927BDEAD0008BC2AD /* 5003509-693880-1.m3u8 */,
				DD1B345622CDD89400022FCA /* 996747-5277368-31.m3u8 */,
				C969BBAB27BBA4E1008BC2AD /* 5003509-693880-2.webvtt */,
				C969BBAE27BBA4E1008BC2AD /* 5003509-693880-3.m3u8 */,
				C969BBAC27BBA4E1008BC2AD /* 5003509-693880-5.webvtt */,
				DD9B139422C23A7A002D1D79 /* main.m */,
				DD9B139622C23A7A002D1D79 /* IJKMediaDemo.entitlements */,
			);
			path = IJKMediaDemo;
			sourceTree = "<group>";
		};
		DD9B13B822C24017002D1D79 /* Frameworks */ = {
			isa = PBXGroup;
			children = (
				DD9B13E722C24971002D1D79 /* libz.tbd */,
				DD9B13D722C240A5002D1D79 /* libiconv.tbd */,
				DD9B13D522C24095002D1D79 /* libxml2.tbd */,
				DD9B13D322C2408E002D1D79 /* VideoDecodeAcceleration.framework */,
				DD9B13D122C24084002D1D79 /* CoreAudio.framework */,
				DD9B13CF22C2407B002D1D79 /* AudioUnit.framework */,
				DD9B13CD22C24073002D1D79 /* AudioToolbox.framework */,
				DD9B13CB22C2406C002D1D79 /* QuartzCore.framework */,
				DD9B13C922C24063002D1D79 /* OpenGL.framework */,
				DD9B13C722C24053002D1D79 /* VideoToolbox.framework */,
				DD9B13C522C24048002D1D79 /* CoreVideo.framework */,
				DD9B13C322C24040002D1D79 /* CoreMedia.framework */,
				DD9B13C122C24037002D1D79 /* CoreGraphics.framework */,
				DD9B13BF22C2402D002D1D79 /* GLKit.framework */,
				DD9B13BD22C24026002D1D79 /* AVFoundation.framework */,
				DD9B13BB22C2401F002D1D79 /* libbz2.tbd */,
				DD9B13B922C24017002D1D79 /* libc++.tbd */,
				9DCADD1347BDB5B68E4C0CFA /* Pods_IJKMediaMacDemo.framework */,
			);
			name = Frameworks;
			sourceTree = "<group>";
		};
		FEE5CD56F22316C065CD4830 /* Pods */ = {
			isa = PBXGroup;
			children = (
				EAD2A45A3180A5136D3DE7CA /* Pods-IJKMediaMacDemo.debug.xcconfig */,
				9409D4EABED075A613A5C430 /* Pods-IJKMediaMacDemo.release.xcconfig */,
			);
			path = Pods;
			sourceTree = "<group>";
		};
/* End PBXGroup section */

/* Begin PBXNativeTarget section */
		DD9B138722C23A79002D1D79 /* IJKMediaMacDemo */ = {
			isa = PBXNativeTarget;
			buildConfigurationList = DD9B139922C23A7A002D1D79 /* Build configuration list for PBXNativeTarget "IJKMediaMacDemo" */;
			buildPhases = (
				6F829D3A8E0ACBE3C0E4ABD3 /* [CP] Check Pods Manifest.lock */,
				DD9B138422C23A79002D1D79 /* Sources */,
				DD9B138522C23A79002D1D79 /* Frameworks */,
				DD9B138622C23A79002D1D79 /* Resources */,
				4AB06D59E57D3381119AEF49 /* [CP] Embed Pods Frameworks */,
			);
			buildRules = (
			);
			dependencies = (
			);
			name = IJKMediaMacDemo;
			productName = IJKMediaDemo;
			productReference = DD9B138822C23A79002D1D79 /* IJKMediaMacDemo.app */;
			productType = "com.apple.product-type.application";
		};
/* End PBXNativeTarget section */

/* Begin PBXProject section */
		DD9B138022C23A79002D1D79 /* Project object */ = {
			isa = PBXProject;
			attributes = {
				LastUpgradeCheck = 1410;
				ORGANIZATIONNAME = "IJK Mac";
				TargetAttributes = {
					DD9B138722C23A79002D1D79 = {
						CreatedOnToolsVersion = 10.2.1;
						SystemCapabilities = {
							com.apple.Sandbox = {
								enabled = 1;
							};
						};
					};
				};
			};
			buildConfigurationList = DD9B138322C23A79002D1D79 /* Build configuration list for PBXProject "IJKMediaMacDemo" */;
			compatibilityVersion = "Xcode 9.3";
			developmentRegion = en;
			hasScannedForEncodings = 0;
			knownRegions = (
				en,
				Base,
			);
			mainGroup = DD9B137F22C23A79002D1D79;
			productRefGroup = DD9B138922C23A79002D1D79 /* Products */;
			projectDirPath = "";
			projectRoot = "";
			targets = (
				DD9B138722C23A79002D1D79 /* IJKMediaMacDemo */,
			);
		};
/* End PBXProject section */

/* Begin PBXResourcesBuildPhase section */
		DD9B138622C23A79002D1D79 /* Resources */ = {
			isa = PBXResourcesBuildPhase;
			buildActionMask = 2147483647;
			files = (
				DD9B138F22C23A7A002D1D79 /* Assets.xcassets in Resources */,
				C969BEBA27BDEAD0008BC2AD /* 5003509-693880-1.m3u8 in Resources */,
				C955005A27C7698F0026AB17 /* DecoderSettingViewController.xib in Resources */,
				DD9B139222C23A7A002D1D79 /* MainMenu.xib in Resources */,
				DD4EAF24272FC22D00FBCD3A /* RootViewController.xib in Resources */,
				C96F5B9D291A4B1100C79E07 /* 2e0fb226-d7c3-4672-a4bc.m3u8 in Resources */,
				C955005027C769050026AB17 /* GeneralSettingViewController.xib in Resources */,
				C969BBAF27BBA4E1008BC2AD /* 5003509-693880-2.webvtt in Resources */,
				C92D5BC72914C525009D80D7 /* 2e0fb226-d7c3-4672-a4bc-db6e1bbf6a06.m3u8 in Resources */,
				C969BBB027BBA4E1008BC2AD /* 5003509-693880-5.webvtt in Resources */,
				C969BBB227BBA4E1008BC2AD /* 5003509-693880-3.m3u8 in Resources */,
				C955004B27C768DD0026AB17 /* SubtitleSettingViewController.xib in Resources */,
				C955003E27C75A580026AB17 /* Setting.storyboard in Resources */,
				C955005527C769770026AB17 /* SnapshotSettingViewController.xib in Resources */,
				C955005F27C769D30026AB17 /* GraphicSettingViewController.xib in Resources */,
				DD1B345722CDD89400022FCA /* 996747-5277368-31.m3u8 in Resources */,
			);
			runOnlyForDeploymentPostprocessing = 0;
		};
/* End PBXResourcesBuildPhase section */

/* Begin PBXShellScriptBuildPhase section */
		4AB06D59E57D3381119AEF49 /* [CP] Embed Pods Frameworks */ = {
			isa = PBXShellScriptBuildPhase;
			buildActionMask = 2147483647;
			files = (
			);
			inputFileListPaths = (
				"${PODS_ROOT}/Target Support Files/Pods-IJKMediaMacDemo/Pods-IJKMediaMacDemo-frameworks-${CONFIGURATION}-input-files.xcfilelist",
			);
			name = "[CP] Embed Pods Frameworks";
			outputFileListPaths = (
				"${PODS_ROOT}/Target Support Files/Pods-IJKMediaMacDemo/Pods-IJKMediaMacDemo-frameworks-${CONFIGURATION}-output-files.xcfilelist",
			);
			runOnlyForDeploymentPostprocessing = 0;
			shellPath = /bin/sh;
			shellScript = "\"${PODS_ROOT}/Target Support Files/Pods-IJKMediaMacDemo/Pods-IJKMediaMacDemo-frameworks.sh\"\n";
			showEnvVarsInLog = 0;
		};
		6F829D3A8E0ACBE3C0E4ABD3 /* [CP] Check Pods Manifest.lock */ = {
			isa = PBXShellScriptBuildPhase;
			buildActionMask = 2147483647;
			files = (
			);
			inputFileListPaths = (
			);
			inputPaths = (
				"${PODS_PODFILE_DIR_PATH}/Podfile.lock",
				"${PODS_ROOT}/Manifest.lock",
			);
			name = "[CP] Check Pods Manifest.lock";
			outputFileListPaths = (
			);
			outputPaths = (
				"$(DERIVED_FILE_DIR)/Pods-IJKMediaMacDemo-checkManifestLockResult.txt",
			);
			runOnlyForDeploymentPostprocessing = 0;
			shellPath = /bin/sh;
			shellScript = "diff \"${PODS_PODFILE_DIR_PATH}/Podfile.lock\" \"${PODS_ROOT}/Manifest.lock\" > /dev/null\nif [ $? != 0 ] ; then\n    # print error to STDERR\n    echo \"error: The sandbox is not in sync with the Podfile.lock. Run 'pod install' or update your CocoaPods installation.\" >&2\n    exit 1\nfi\n# This output is used by Xcode 'outputs' to avoid re-running this script phase.\necho \"SUCCESS\" > \"${SCRIPT_OUTPUT_FILE_0}\"\n";
			showEnvVarsInLog = 0;
		};
/* End PBXShellScriptBuildPhase section */

/* Begin PBXSourcesBuildPhase section */
		DD9B138422C23A79002D1D79 /* Sources */ = {
			isa = PBXSourcesBuildPhase;
			buildActionMask = 2147483647;
			files = (
				C955004F27C769050026AB17 /* GeneralSettingViewController.m in Sources */,
				C955004A27C768DD0026AB17 /* SubtitleSettingViewController.m in Sources */,
				DD0443E927E7749800CB946B /* MRActionItem.m in Sources */,
				C969BE4B27BDCD27008BC2AD /* MRGlobalNotification.m in Sources */,
				C955005E27C769D30026AB17 /* GraphicSettingViewController.m in Sources */,
				DDB7827B2757266900382094 /* SHBaseView.m in Sources */,
				DD0443E727E7749800CB946B /* MRActionProcessor.m in Sources */,
				DD9B139522C23A7A002D1D79 /* main.m in Sources */,
				C955005427C769770026AB17 /* SnapshotSettingViewController.m in Sources */,
				C97DCC0727C867EA0019874F /* MRBaseView.m in Sources */,
				DD4EB00127310F1C00FBCD3A /* WindowController.m in Sources */,
				C969BE4E27BDD34E008BC2AD /* MRUtil+SystemPanel.m in Sources */,
				DD9B138D22C23A79002D1D79 /* AppDelegate.m in Sources */,
				C96F5B9B291A052100C79E07 /* MRProgressIndicator.m in Sources */,
				DDE9FC70273BD3CF00481560 /* NSFileManager+Sandbox.m in Sources */,
				C955004227C75E740026AB17 /* LeftCategoryController.m in Sources */,
				C955004527C7634F0026AB17 /* SettingSplitViewController.m in Sources */,
				C955005927C7698F0026AB17 /* DecoderSettingViewController.m in Sources */,
				C9FFF21527C864C100284B46 /* MRProgressSlider.m in Sources */,
				DD050F9D25A43A1300F01E2F /* MRUtil.m in Sources */,
				DD0443E827E7749800CB946B /* MRActionManager.m in Sources */,
				DD0443E627E7749800CB946B /* MRActionProcessor+Private.m in Sources */,
				DD050F9E25A43A1300F01E2F /* MRDragView.m in Sources */,
				DD4EAF23272FC22D00FBCD3A /* RootViewController.m in Sources */,
			);
			runOnlyForDeploymentPostprocessing = 0;
		};
/* End PBXSourcesBuildPhase section */

/* Begin PBXVariantGroup section */
		DD9B139022C23A7A002D1D79 /* MainMenu.xib */ = {
			isa = PBXVariantGroup;
			children = (
				DD9B139122C23A7A002D1D79 /* Base */,
			);
			name = MainMenu.xib;
			sourceTree = "<group>";
		};
/* End PBXVariantGroup section */

/* Begin XCBuildConfiguration section */
		DD9B139722C23A7A002D1D79 /* Debug */ = {
			isa = XCBuildConfiguration;
			buildSettings = {
				ALWAYS_SEARCH_USER_PATHS = NO;
				CLANG_ANALYZER_NONNULL = YES;
				CLANG_ANALYZER_NUMBER_OBJECT_CONVERSION = YES_AGGRESSIVE;
				CLANG_CXX_LANGUAGE_STANDARD = "gnu++14";
				CLANG_CXX_LIBRARY = "libc++";
				CLANG_ENABLE_MODULES = YES;
				CLANG_ENABLE_OBJC_ARC = YES;
				CLANG_ENABLE_OBJC_WEAK = YES;
				CLANG_WARN_BLOCK_CAPTURE_AUTORELEASING = YES;
				CLANG_WARN_BOOL_CONVERSION = YES;
				CLANG_WARN_COMMA = YES;
				CLANG_WARN_CONSTANT_CONVERSION = YES;
				CLANG_WARN_DEPRECATED_OBJC_IMPLEMENTATIONS = YES;
				CLANG_WARN_DIRECT_OBJC_ISA_USAGE = YES_ERROR;
				CLANG_WARN_DOCUMENTATION_COMMENTS = YES;
				CLANG_WARN_EMPTY_BODY = YES;
				CLANG_WARN_ENUM_CONVERSION = YES;
				CLANG_WARN_INFINITE_RECURSION = YES;
				CLANG_WARN_INT_CONVERSION = YES;
				CLANG_WARN_NON_LITERAL_NULL_CONVERSION = YES;
				CLANG_WARN_OBJC_IMPLICIT_RETAIN_SELF = YES;
				CLANG_WARN_OBJC_LITERAL_CONVERSION = YES;
				CLANG_WARN_OBJC_ROOT_CLASS = YES_ERROR;
				CLANG_WARN_QUOTED_INCLUDE_IN_FRAMEWORK_HEADER = YES;
				CLANG_WARN_RANGE_LOOP_ANALYSIS = YES;
				CLANG_WARN_STRICT_PROTOTYPES = YES;
				CLANG_WARN_SUSPICIOUS_MOVE = YES;
				CLANG_WARN_UNGUARDED_AVAILABILITY = YES_AGGRESSIVE;
				CLANG_WARN_UNREACHABLE_CODE = YES;
				CLANG_WARN__DUPLICATE_METHOD_MATCH = YES;
				CODE_SIGN_IDENTITY = "-";
				COPY_PHASE_STRIP = NO;
				DEAD_CODE_STRIPPING = YES;
				DEBUG_INFORMATION_FORMAT = dwarf;
				ENABLE_STRICT_OBJC_MSGSEND = YES;
				ENABLE_TESTABILITY = YES;
				GCC_C_LANGUAGE_STANDARD = gnu11;
				GCC_DYNAMIC_NO_PIC = NO;
				GCC_NO_COMMON_BLOCKS = YES;
				GCC_OPTIMIZATION_LEVEL = 0;
				GCC_PREPROCESSOR_DEFINITIONS = (
					"DEBUG=1",
					"$(inherited)",
				);
				GCC_WARN_64_TO_32_BIT_CONVERSION = YES;
				GCC_WARN_ABOUT_RETURN_TYPE = YES_ERROR;
				GCC_WARN_UNDECLARED_SELECTOR = YES;
				GCC_WARN_UNINITIALIZED_AUTOS = YES_AGGRESSIVE;
				GCC_WARN_UNUSED_FUNCTION = YES;
				GCC_WARN_UNUSED_VARIABLE = YES;
				MACOSX_DEPLOYMENT_TARGET = 10.14;
				MTL_ENABLE_DEBUG_INFO = INCLUDE_SOURCE;
				MTL_FAST_MATH = YES;
				ONLY_ACTIVE_ARCH = YES;
				SDKROOT = macosx;
			};
			name = Debug;
		};
		DD9B139822C23A7A002D1D79 /* Release */ = {
			isa = XCBuildConfiguration;
			buildSettings = {
				ALWAYS_SEARCH_USER_PATHS = NO;
				CLANG_ANALYZER_NONNULL = YES;
				CLANG_ANALYZER_NUMBER_OBJECT_CONVERSION = YES_AGGRESSIVE;
				CLANG_CXX_LANGUAGE_STANDARD = "gnu++14";
				CLANG_CXX_LIBRARY = "libc++";
				CLANG_ENABLE_MODULES = YES;
				CLANG_ENABLE_OBJC_ARC = YES;
				CLANG_ENABLE_OBJC_WEAK = YES;
				CLANG_WARN_BLOCK_CAPTURE_AUTORELEASING = YES;
				CLANG_WARN_BOOL_CONVERSION = YES;
				CLANG_WARN_COMMA = YES;
				CLANG_WARN_CONSTANT_CONVERSION = YES;
				CLANG_WARN_DEPRECATED_OBJC_IMPLEMENTATIONS = YES;
				CLANG_WARN_DIRECT_OBJC_ISA_USAGE = YES_ERROR;
				CLANG_WARN_DOCUMENTATION_COMMENTS = YES;
				CLANG_WARN_EMPTY_BODY = YES;
				CLANG_WARN_ENUM_CONVERSION = YES;
				CLANG_WARN_INFINITE_RECURSION = YES;
				CLANG_WARN_INT_CONVERSION = YES;
				CLANG_WARN_NON_LITERAL_NULL_CONVERSION = YES;
				CLANG_WARN_OBJC_IMPLICIT_RETAIN_SELF = YES;
				CLANG_WARN_OBJC_LITERAL_CONVERSION = YES;
				CLANG_WARN_OBJC_ROOT_CLASS = YES_ERROR;
				CLANG_WARN_QUOTED_INCLUDE_IN_FRAMEWORK_HEADER = YES;
				CLANG_WARN_RANGE_LOOP_ANALYSIS = YES;
				CLANG_WARN_STRICT_PROTOTYPES = YES;
				CLANG_WARN_SUSPICIOUS_MOVE = YES;
				CLANG_WARN_UNGUARDED_AVAILABILITY = YES_AGGRESSIVE;
				CLANG_WARN_UNREACHABLE_CODE = YES;
				CLANG_WARN__DUPLICATE_METHOD_MATCH = YES;
				CODE_SIGN_IDENTITY = "-";
				COPY_PHASE_STRIP = NO;
				DEAD_CODE_STRIPPING = YES;
				DEBUG_INFORMATION_FORMAT = "dwarf-with-dsym";
				ENABLE_NS_ASSERTIONS = NO;
				ENABLE_STRICT_OBJC_MSGSEND = YES;
				GCC_C_LANGUAGE_STANDARD = gnu11;
				GCC_NO_COMMON_BLOCKS = YES;
				GCC_WARN_64_TO_32_BIT_CONVERSION = YES;
				GCC_WARN_ABOUT_RETURN_TYPE = YES_ERROR;
				GCC_WARN_UNDECLARED_SELECTOR = YES;
				GCC_WARN_UNINITIALIZED_AUTOS = YES_AGGRESSIVE;
				GCC_WARN_UNUSED_FUNCTION = YES;
				GCC_WARN_UNUSED_VARIABLE = YES;
				MACOSX_DEPLOYMENT_TARGET = 10.14;
				MTL_ENABLE_DEBUG_INFO = NO;
				MTL_FAST_MATH = YES;
				SDKROOT = macosx;
			};
			name = Release;
		};
		DD9B139A22C23A7A002D1D79 /* Debug */ = {
			isa = XCBuildConfiguration;
			baseConfigurationReference = EAD2A45A3180A5136D3DE7CA /* Pods-IJKMediaMacDemo.debug.xcconfig */;
			buildSettings = {
				ASSETCATALOG_COMPILER_APPICON_NAME = AppIcon;
				CODE_SIGN_ENTITLEMENTS = IJKMediaDemo/IJKMediaDemo.entitlements;
				CODE_SIGN_IDENTITY = "-";
				CODE_SIGN_STYLE = Automatic;
				COMBINE_HIDPI_IMAGES = YES;
				CURRENT_PROJECT_VERSION = 1;
				DEAD_CODE_STRIPPING = YES;
				GCC_PRECOMPILE_PREFIX_HEADER = YES;
				GCC_PREFIX_HEADER = IJKMediaDemo/PrefixHeader.pch;
				INFOPLIST_FILE = IJKMediaDemo/Info.plist;
				INFOPLIST_KEY_CFBundleDisplayName = IJKMediaMacDemo;
				LD_RUNPATH_SEARCH_PATHS = (
					"$(inherited)",
					"@executable_path/../Frameworks",
				);
				MACOSX_DEPLOYMENT_TARGET = 10.13;
				MARKETING_VERSION = 0.9.3;
				PRODUCT_BUNDLE_IDENTIFIER = cn.debugly.IJKMediaMacDemo;
				PRODUCT_NAME = "$(TARGET_NAME)";
			};
			name = Debug;
		};
		DD9B139B22C23A7A002D1D79 /* Release */ = {
			isa = XCBuildConfiguration;
			baseConfigurationReference = 9409D4EABED075A613A5C430 /* Pods-IJKMediaMacDemo.release.xcconfig */;
			buildSettings = {
				ASSETCATALOG_COMPILER_APPICON_NAME = AppIcon;
				CODE_SIGN_ENTITLEMENTS = IJKMediaDemo/IJKMediaDemo.entitlements;
				CODE_SIGN_IDENTITY = "-";
				CODE_SIGN_STYLE = Automatic;
				COMBINE_HIDPI_IMAGES = YES;
				CURRENT_PROJECT_VERSION = 1;
				DEAD_CODE_STRIPPING = YES;
				GCC_PRECOMPILE_PREFIX_HEADER = YES;
				GCC_PREFIX_HEADER = IJKMediaDemo/PrefixHeader.pch;
				INFOPLIST_FILE = IJKMediaDemo/Info.plist;
				INFOPLIST_KEY_CFBundleDisplayName = IJKMediaMacDemo;
				LD_RUNPATH_SEARCH_PATHS = (
					"$(inherited)",
					"@executable_path/../Frameworks",
				);
				MACOSX_DEPLOYMENT_TARGET = 10.13;
				MARKETING_VERSION = 0.9.3;
				PRODUCT_BUNDLE_IDENTIFIER = cn.debugly.IJKMediaMacDemo;
				PRODUCT_NAME = "$(TARGET_NAME)";
			};
			name = Release;
		};
/* End XCBuildConfiguration section */

/* Begin XCConfigurationList section */
		DD9B138322C23A79002D1D79 /* Build configuration list for PBXProject "IJKMediaMacDemo" */ = {
			isa = XCConfigurationList;
			buildConfigurations = (
				DD9B139722C23A7A002D1D79 /* Debug */,
				DD9B139822C23A7A002D1D79 /* Release */,
			);
			defaultConfigurationIsVisible = 0;
			defaultConfigurationName = Release;
		};
		DD9B139922C23A7A002D1D79 /* Build configuration list for PBXNativeTarget "IJKMediaMacDemo" */ = {
			isa = XCConfigurationList;
			buildConfigurations = (
				DD9B139A22C23A7A002D1D79 /* Debug */,
				DD9B139B22C23A7A002D1D79 /* Release */,
			);
			defaultConfigurationIsVisible = 0;
			defaultConfigurationName = Release;
		};
/* End XCConfigurationList section */
	};
	rootObject = DD9B138022C23A79002D1D79 /* Project object */;
}
