PODS:
  - IJKMediaPlayerKit (0.11.3)

DEPENDENCIES:
  - IJKMediaPlayerKit (from `../../`)

EXTERNAL SOURCES:
  IJKMediaPlayerKit:
    :path: "../../"

SPEC CHECKSUMS:
  IJKMediaPlayerKit: 6930f51faa3e7bb7340c1de61ae33d9777acd614

PODFILE CHECKSUM: f950a6923955cd8172bbcde59a7c414fe1a4ac71

COCOAPODS: 1.15.2
