PODS:
  - IJKMediaPlayerKit (0.9.5)

DEPENDENCIES:
  - IJKMediaPlayerKit (from `../../`)

EXTERNAL SOURCES:
  IJKMediaPlayerKit:
    :path: "../../"

SPEC CHECKSUMS:
  IJKMediaPlayerKit: f2873dfd71d68795907a3843459547912e7e5cf7

PODFILE CHECKSUM: 34a473d93d8d564754c727e30c6cf57c59792b8b

COCOAPODS: 1.11.2
