PODS:
  - IJKMediaPlayerKit (0.10.0)

DEPENDENCIES:
  - IJKMediaPlayerKit (from `../../`)

EXTERNAL SOURCES:
  IJKMediaPlayerKit:
    :path: "../../"

SPEC CHECKSUMS:
  IJKMediaPlayerKit: 335a4c4e712d3f78e3c12dae057aa893662245ab

PODFILE CHECKSUM: f950a6923955cd8172bbcde59a7c414fe1a4ac71

COCOAPODS: 1.12.1
