PODS:
  - IJKMediaPlayerKit (0.11.4)

DEPENDENCIES:
  - IJKMediaPlayerKit (from `../../`)

EXTERNAL SOURCES:
  IJKMediaPlayerKit:
    :path: "../../"

SPEC CHECKSUMS:
  IJKMediaPlayerKit: 5cddc575b5d685e712c69be48d5ea0e6b264b249

PODFILE CHECKSUM: 61b62f37b598e87b9117082bdf528ef9f99adafb

COCOAPODS: 1.15.2
