PODS:
  - IJKMediaPlayerKit (0.11.3)

DEPENDENCIES:
  - IJKMediaPlayerKit (from `../../`)

EXTERNAL SOURCES:
  IJKMediaPlayerKit:
    :path: "../../"

SPEC CHECKSUMS:
  IJKMediaPlayerKit: 6930f51faa3e7bb7340c1de61ae33d9777acd614

PODFILE CHECKSUM: 61b62f37b598e87b9117082bdf528ef9f99adafb

COCOAPODS: 1.15.2
