PODS:
  - IJKMediaPlayerKit (0.11.7)

DEPENDENCIES:
  - IJKMediaPlayerKit (from `../../`)

EXTERNAL SOURCES:
  IJKMediaPlayerKit:
    :path: "../../"

SPEC CHECKSUMS:
  IJKMediaPlayerKit: eb269251f11da3fcfcb8212beeee1c315d0f2077

PODFILE CHECKSUM: 61b62f37b598e87b9117082bdf528ef9f99adafb

COCOAPODS: 1.15.2
