PODS:
  - IJKMediaPlayeriOSKit (0.8.8):
    - IJKMediaPlayeriOSKit/ijkmedia (= 0.8.8)
    - IJKMediaPlayeriOSKit/IJKMediaPlayerKit (= 0.8.8)
    - IJKMediaPlayeriOSKit/no-arc (= 0.8.8)
    - IJKMediaPlayeriOSKit/w (= 0.8.8)
  - IJKMediaPlayeriOSKit/ijkmedia (0.8.8)
  - IJKMediaPlayeriOSKit/IJKMediaPlayerKit (0.8.8)
  - IJKMediaPlayeriOSKit/no-arc (0.8.8)
  - IJKMediaPlayeriOSKit/w (0.8.8)

DEPENDENCIES:
  - IJKMediaPlayeriOSKit (from `../../`)

EXTERNAL SOURCES:
  IJKMediaPlayeriOSKit:
    :path: "../../"

SPEC CHECKSUMS:
  IJKMediaPlayeriOSKit: a9d6bb64b97f0a7592c0683829d42bb503b030a9

PODFILE CHECKSUM: 8b0a23f57d1c59f71f25eb4dc3f506e1dd41a246

COCOAPODS: 1.11.2
