PODS:
  - IJKMediaPlayerKit (0.10.4)

DEPENDENCIES:
  - IJKMediaPlayerKit (from `../../`)

EXTERNAL SOURCES:
  IJKMediaPlayerKit:
    :path: "../../"

SPEC CHECKSUMS:
  IJKMediaPlayerKit: 193b377e8112d069909c6d6ea8ac84337a051e13

PODFILE CHECKSUM: cd296d63e0523ffeac3abedb895edb14934a2d48

COCOAPODS: 1.13.0
