PODS:
  - IJKMediaPlayerKit (0.10.5)

DEPENDENCIES:
  - IJKMediaPlayerKit (from `../../`)

EXTERNAL SOURCES:
  IJKMediaPlayerKit:
    :path: "../../"

SPEC CHECKSUMS:
  IJKMediaPlayerKit: 65b39f55bda0e03320d1fe72ac7824c99f230468

PODFILE CHECKSUM: cd296d63e0523ffeac3abedb895edb14934a2d48

COCOAPODS: 1.15.0
