PODS:
  - IJKMediaPlayerKit (0.9.0.5):
    - IJKMediaPlayerKit/ijkmedia (= 0.9.0.5)
    - IJKMediaPlayerKit/IJKMediaPlayerKit (= 0.9.0.5)
  - IJKMediaPlayerKit/ijkmedia (0.9.0.5)
  - IJKMediaPlayerKit/IJKMediaPlayerKit (0.9.0.5)

DEPENDENCIES:
  - IJKMediaPlayerKit (from `../../`)

EXTERNAL SOURCES:
  IJKMediaPlayerKit:
    :path: "../../"

SPEC CHECKSUMS:
  IJKMediaPlayerKit: be4980e18d2bba66072a83075c061f87f1c1723d

PODFILE CHECKSUM: 68b3c9d9141a9605bebe65328e1541c4aedaed99

COCOAPODS: 1.11.2
