PODS:
  - IJKMediaPlayerKit (0.8.8):
    - IJKMediaPlayerKit/ijkmedia (= 0.8.8)
    - IJKMediaPlayerKit/IJKMediaPlayerKit (= 0.8.8)
    - IJKMediaPlayerKit/no-arc (= 0.8.8)
    - IJKMediaPlayerKit/w (= 0.8.8)
  - IJKMediaPlayerKit/ijkmedia (0.8.8)
  - IJKMediaPlayerKit/IJKMediaPlayerKit (0.8.8)
  - IJKMediaPlayerKit/no-arc (0.8.8)
  - IJKMediaPlayerKit/w (0.8.8)

DEPENDENCIES:
  - IJKMediaPlayerKit (from `../../`)

EXTERNAL SOURCES:
  IJKMediaPlayerKit:
    :path: "../../"

SPEC CHECKSUMS:
  IJKMediaPlayerKit: d4f9113578509a6ee83e01297cd35a02e48cc4a3

PODFILE CHECKSUM: 218ccbb0c209430587e6a03f0b41ccc2262b2f39

COCOAPODS: 1.11.2
