PODS:
  - IJKMediaPlayerKit (0.8.8):
    - IJKMediaPlayerKit/ijkmedia (= 0.8.8)
    - IJKMediaPlayerKit/mac (= 0.8.8)
    - IJKMediaPlayerKit/no-arc (= 0.8.8)
    - IJKMediaPlayerKit/w (= 0.8.8)
  - IJKMediaPlayerKit/ijkmedia (0.8.8)
  - IJKMediaPlayerKit/mac (0.8.8)
  - IJKMediaPlayerKit/no-arc (0.8.8)
  - IJKMediaPlayerKit/w (0.8.8)

DEPENDENCIES:
  - IJKMediaPlayerKit (from `../../`)

EXTERNAL SOURCES:
  IJKMediaPlayerKit:
    :path: "../../"

SPEC CHECKSUMS:
  IJKMediaPlayerKit: cfe442910920b43a55286705d9012229f5a7af7c

PODFILE CHECKSUM: 76dd0f7baea926b358bec8413d2e469106519480

COCOAPODS: 1.11.2
